// !$*UTF8*$!
{
	archiveVersion = 1;
	classes = {
	};
	objectVersion = 48;
	objects = {

/* Begin PBXBuildFile section */
		08558D5921506E1B00320B1A /* ResourcePath.mm in Sources */ = {isa = PBXBuildFile; fileRef = 08558D5821506E1B00320B1A /* ResourcePath.mm */; };
		08558D5C21506E1B00320B1A /* main.cpp in Sources */ = {isa = PBXBuildFile; fileRef = 08558D5B21506E1B00320B1A /* main.cpp */; };
		08558D6121506E1B00320B1A /* nice_music.ogg in Resources */ = {isa = PBXBuildFile; fileRef = 08558D6021506E1B00320B1A /* nice_music.ogg */; };
		08558D6321506E1B00320B1A /* sansation.ttf in Resources */ = {isa = PBXBuildFile; fileRef = 08558D6221506E1B00320B1A /* sansation.ttf */; };
		08558D6521506E1B00320B1A /* icon.png in Resources */ = {isa = PBXBuildFile; fileRef = 08558D6421506E1B00320B1A /* icon.png */; };
		08558D6F2150711500320B1A /* AssetManager.cpp in Sources */ = {isa = PBXBuildFile; fileRef = 08558D6D2150711500320B1A /* AssetManager.cpp */; };
		08558D72215118F200320B1A /* UserInterface.cpp in Sources */ = {isa = PBXBuildFile; fileRef = 08558D70215118F200320B1A /* UserInterface.cpp */; };
		08D3D64821526C28001064A5 /* libsfgui.dylib in Frameworks */ = {isa = PBXBuildFile; fileRef = 08D3D64721526C28001064A5 /* libsfgui.dylib */; };
/* End PBXBuildFile section */

/* Begin PBXFileReference section */
		08558D5321506E1B00320B1A /* WorldBuilder.app */ = {isa = PBXFileReference; explicitFileType = wrapper.application; includeInIndex = 0; path = WorldBuilder.app; sourceTree = BUILT_PRODUCTS_DIR; };
		08558D5721506E1B00320B1A /* WorldBuilder-Info.plist */ = {isa = PBXFileReference; lastKnownFileType = text.plist.xml; path = "WorldBuilder-Info.plist"; sourceTree = "<group>"; };
		08558D5821506E1B00320B1A /* ResourcePath.mm */ = {isa = PBXFileReference; lastKnownFileType = sourcecode.cpp.objcpp; path = ResourcePath.mm; sourceTree = "<group>"; };
		08558D5A21506E1B00320B1A /* ResourcePath.hpp */ = {isa = PBXFileReference; lastKnownFileType = sourcecode.cpp.h; path = ResourcePath.hpp; sourceTree = "<group>"; };
		08558D5B21506E1B00320B1A /* main.cpp */ = {isa = PBXFileReference; lastKnownFileType = sourcecode.cpp.cpp; path = main.cpp; sourceTree = "<group>"; };
		08558D6021506E1B00320B1A /* nice_music.ogg */ = {isa = PBXFileReference; lastKnownFileType = file; path = nice_music.ogg; sourceTree = "<group>"; };
		08558D6221506E1B00320B1A /* sansation.ttf */ = {isa = PBXFileReference; lastKnownFileType = file; path = sansation.ttf; sourceTree = "<group>"; };
		08558D6421506E1B00320B1A /* icon.png */ = {isa = PBXFileReference; lastKnownFileType = image.png; path = icon.png; sourceTree = "<group>"; };
		08558D6D2150711500320B1A /* AssetManager.cpp */ = {isa = PBXFileReference; lastKnownFileType = sourcecode.cpp.cpp; path = AssetManager.cpp; sourceTree = "<group>"; };
		08558D6E2150711500320B1A /* AssetManager.hpp */ = {isa = PBXFileReference; lastKnownFileType = sourcecode.cpp.h; path = AssetManager.hpp; sourceTree = "<group>"; };
		08558D70215118F200320B1A /* UserInterface.cpp */ = {isa = PBXFileReference; lastKnownFileType = sourcecode.cpp.cpp; path = UserInterface.cpp; sourceTree = "<group>"; };
		08558D71215118F200320B1A /* UserInterface.hpp */ = {isa = PBXFileReference; lastKnownFileType = sourcecode.cpp.h; path = UserInterface.hpp; sourceTree = "<group>"; };
		08C7070221526094003493AA /* undefined.png */ = {isa = PBXFileReference; lastKnownFileType = image.png; path = undefined.png; sourceTree = "<group>"; };
		08C707042152691F003493AA /* SFGUI */ = {isa = PBXFileReference; lastKnownFileType = folder; name = SFGUI; path = ../../../../../usr/local/share/SFGUI; sourceTree = "<group>"; };
		08C7070621526969003493AA /* SFGUI-0.3.2 */ = {isa = PBXFileReference; lastKnownFileType = folder; name = "SFGUI-0.3.2"; path = "../../../Downloads/SFGUI-0.3.2"; sourceTree = "<group>"; };
		08D3D64721526C28001064A5 /* libsfgui.dylib */ = {isa = PBXFileReference; lastKnownFileType = "compiled.mach-o.dylib"; name = libsfgui.dylib; path = "../../../Downloads/SFGUI-0.3.2/lib/libsfgui.dylib"; sourceTree = "<group>"; };
		08D3D7222152F144001064A5 /* terrain2 [www.imagesplitter.net]-10-2.png */ = {isa = PBXFileReference; lastKnownFileType = image.png; path = "terrain2 [www.imagesplitter.net]-10-2.png"; sourceTree = "<group>"; };
		08D3D7232152F144001064A5 /* terrain2 [www.imagesplitter.net]-4-6.png */ = {isa = PBXFileReference; lastKnownFileType = image.png; path = "terrain2 [www.imagesplitter.net]-4-6.png"; sourceTree = "<group>"; };
		08D3D7242152F144001064A5 /* terrain2 [www.imagesplitter.net]-3-11.png */ = {isa = PBXFileReference; lastKnownFileType = image.png; path = "terrain2 [www.imagesplitter.net]-3-11.png"; sourceTree = "<group>"; };
		08D3D7252152F144001064A5 /* terrain2 [www.imagesplitter.net]-4-7.png */ = {isa = PBXFileReference; lastKnownFileType = image.png; path = "terrain2 [www.imagesplitter.net]-4-7.png"; sourceTree = "<group>"; };
		08D3D7262152F144001064A5 /* terrain2 [www.imagesplitter.net]-0-3.png */ = {isa = PBXFileReference; lastKnownFileType = image.png; path = "terrain2 [www.imagesplitter.net]-0-3.png"; sourceTree = "<group>"; };
		08D3D7272152F144001064A5 /* terrain2 [www.imagesplitter.net]-9-9.png */ = {isa = PBXFileReference; lastKnownFileType = image.png; path = "terrain2 [www.imagesplitter.net]-9-9.png"; sourceTree = "<group>"; };
		08D3D7282152F144001064A5 /* terrain2 [www.imagesplitter.net]-7-10.png */ = {isa = PBXFileReference; lastKnownFileType = image.png; path = "terrain2 [www.imagesplitter.net]-7-10.png"; sourceTree = "<group>"; };
		08D3D7292152F145001064A5 /* terrain2 [www.imagesplitter.net]-2-5.png */ = {isa = PBXFileReference; lastKnownFileType = image.png; path = "terrain2 [www.imagesplitter.net]-2-5.png"; sourceTree = "<group>"; };
		08D3D72A2152F145001064A5 /* terrain2 [www.imagesplitter.net]-1-7.png */ = {isa = PBXFileReference; lastKnownFileType = image.png; path = "terrain2 [www.imagesplitter.net]-1-7.png"; sourceTree = "<group>"; };
		08D3D72B2152F145001064A5 /* terrain2 [www.imagesplitter.net]-14-9.png */ = {isa = PBXFileReference; lastKnownFileType = image.png; path = "terrain2 [www.imagesplitter.net]-14-9.png"; sourceTree = "<group>"; };
		08D3D72C2152F145001064A5 /* terrain2 [www.imagesplitter.net]-13-11.png */ = {isa = PBXFileReference; lastKnownFileType = image.png; path = "terrain2 [www.imagesplitter.net]-13-11.png"; sourceTree = "<group>"; };
		08D3D72D2152F145001064A5 /* terrain2 [www.imagesplitter.net]-1-3.png */ = {isa = PBXFileReference; lastKnownFileType = image.png; path = "terrain2 [www.imagesplitter.net]-1-3.png"; sourceTree = "<group>"; };
		08D3D72E2152F145001064A5 /* terrain2 [www.imagesplitter.net]-4-8.png */ = {isa = PBXFileReference; lastKnownFileType = image.png; path = "terrain2 [www.imagesplitter.net]-4-8.png"; sourceTree = "<group>"; };
		08D3D72F2152F145001064A5 /* terrain2 [www.imagesplitter.net]-15-2.png */ = {isa = PBXFileReference; lastKnownFileType = image.png; path = "terrain2 [www.imagesplitter.net]-15-2.png"; sourceTree = "<group>"; };
		08D3D7302152F146001064A5 /* terrain2 [www.imagesplitter.net]-14-4.png */ = {isa = PBXFileReference; lastKnownFileType = image.png; path = "terrain2 [www.imagesplitter.net]-14-4.png"; sourceTree = "<group>"; };
		08D3D7312152F146001064A5 /* terrain2 [www.imagesplitter.net]-9-10.png */ = {isa = PBXFileReference; lastKnownFileType = image.png; path = "terrain2 [www.imagesplitter.net]-9-10.png"; sourceTree = "<group>"; };
		08D3D7322152F146001064A5 /* terrain2 [www.imagesplitter.net]-14-5.png */ = {isa = PBXFileReference; lastKnownFileType = image.png; path = "terrain2 [www.imagesplitter.net]-14-5.png"; sourceTree = "<group>"; };
		08D3D7332152F146001064A5 /* terrain2 [www.imagesplitter.net]-9-1.png */ = {isa = PBXFileReference; lastKnownFileType = image.png; path = "terrain2 [www.imagesplitter.net]-9-1.png"; sourceTree = "<group>"; };
		08D3D7342152F147001064A5 /* terrain2 [www.imagesplitter.net]-17-6.png */ = {isa = PBXFileReference; lastKnownFileType = image.png; path = "terrain2 [www.imagesplitter.net]-17-6.png"; sourceTree = "<group>"; };
		08D3D7352152F147001064A5 /* terrain2 [www.imagesplitter.net]-9-8.png */ = {isa = PBXFileReference; lastKnownFileType = image.png; path = "terrain2 [www.imagesplitter.net]-9-8.png"; sourceTree = "<group>"; };
		08D3D7362152F147001064A5 /* terrain2 [www.imagesplitter.net]-13-3.png */ = {isa = PBXFileReference; lastKnownFileType = image.png; path = "terrain2 [www.imagesplitter.net]-13-3.png"; sourceTree = "<group>"; };
		08D3D7372152F147001064A5 /* terrain2 [www.imagesplitter.net]-7-0.png */ = {isa = PBXFileReference; lastKnownFileType = image.png; path = "terrain2 [www.imagesplitter.net]-7-0.png"; sourceTree = "<group>"; };
		08D3D7382152F147001064A5 /* terrain2 [www.imagesplitter.net]-15-9.png */ = {isa = PBXFileReference; lastKnownFileType = image.png; path = "terrain2 [www.imagesplitter.net]-15-9.png"; sourceTree = "<group>"; };
		08D3D7392152F147001064A5 /* terrain2 [www.imagesplitter.net]-17-2.png */ = {isa = PBXFileReference; lastKnownFileType = image.png; path = "terrain2 [www.imagesplitter.net]-17-2.png"; sourceTree = "<group>"; };
		08D3D73A2152F147001064A5 /* terrain2 [www.imagesplitter.net]-15-10.png */ = {isa = PBXFileReference; lastKnownFileType = image.png; path = "terrain2 [www.imagesplitter.net]-15-10.png"; sourceTree = "<group>"; };
		08D3D73B2152F147001064A5 /* terrain2 [www.imagesplitter.net]-4-1.png */ = {isa = PBXFileReference; lastKnownFileType = image.png; path = "terrain2 [www.imagesplitter.net]-4-1.png"; sourceTree = "<group>"; };
		08D3D73C2152F147001064A5 /* terrain2 [www.imagesplitter.net]-8-0.png */ = {isa = PBXFileReference; lastKnownFileType = image.png; path = "terrain2 [www.imagesplitter.net]-8-0.png"; sourceTree = "<group>"; };
		08D3D73D2152F147001064A5 /* terrain2 [www.imagesplitter.net]-11-3.png */ = {isa = PBXFileReference; lastKnownFileType = image.png; path = "terrain2 [www.imagesplitter.net]-11-3.png"; sourceTree = "<group>"; };
		08D3D73E2152F147001064A5 /* terrain2 [www.imagesplitter.net]-9-11.png */ = {isa = PBXFileReference; lastKnownFileType = image.png; path = "terrain2 [www.imagesplitter.net]-9-11.png"; sourceTree = "<group>"; };
		08D3D73F2152F147001064A5 /* terrain2 [www.imagesplitter.net]-15-7.png */ = {isa = PBXFileReference; lastKnownFileType = image.png; path = "terrain2 [www.imagesplitter.net]-15-7.png"; sourceTree = "<group>"; };
		08D3D7402152F147001064A5 /* terrain2 [www.imagesplitter.net]-0-0.png */ = {isa = PBXFileReference; lastKnownFileType = image.png; path = "terrain2 [www.imagesplitter.net]-0-0.png"; sourceTree = "<group>"; };
		08D3D7412152F147001064A5 /* terrain2 [www.imagesplitter.net]-2-4.png */ = {isa = PBXFileReference; lastKnownFileType = image.png; path = "terrain2 [www.imagesplitter.net]-2-4.png"; sourceTree = "<group>"; };
		08D3D7422152F147001064A5 /* terrain2 [www.imagesplitter.net]-12-8.png */ = {isa = PBXFileReference; lastKnownFileType = image.png; path = "terrain2 [www.imagesplitter.net]-12-8.png"; sourceTree = "<group>"; };
		08D3D7432152F147001064A5 /* terrain2 [www.imagesplitter.net]-14-1.png */ = {isa = PBXFileReference; lastKnownFileType = image.png; path = "terrain2 [www.imagesplitter.net]-14-1.png"; sourceTree = "<group>"; };
		08D3D7442152F147001064A5 /* terrain2 [www.imagesplitter.net]-11-10.png */ = {isa = PBXFileReference; lastKnownFileType = image.png; path = "terrain2 [www.imagesplitter.net]-11-10.png"; sourceTree = "<group>"; };
		08D3D7452152F147001064A5 /* terrain2 [www.imagesplitter.net]-1-4.png */ = {isa = PBXFileReference; lastKnownFileType = image.png; path = "terrain2 [www.imagesplitter.net]-1-4.png"; sourceTree = "<group>"; };
		08D3D7462152F147001064A5 /* terrain2 [www.imagesplitter.net]-6-4.png */ = {isa = PBXFileReference; lastKnownFileType = image.png; path = "terrain2 [www.imagesplitter.net]-6-4.png"; sourceTree = "<group>"; };
		08D3D7472152F147001064A5 /* terrain2 [www.imagesplitter.net]-3-9.png */ = {isa = PBXFileReference; lastKnownFileType = image.png; path = "terrain2 [www.imagesplitter.net]-3-9.png"; sourceTree = "<group>"; };
		08D3D7482152F147001064A5 /* terrain2 [www.imagesplitter.net]-8-5.png */ = {isa = PBXFileReference; lastKnownFileType = image.png; path = "terrain2 [www.imagesplitter.net]-8-5.png"; sourceTree = "<group>"; };
		08D3D7492152F147001064A5 /* terrain2 [www.imagesplitter.net]-10-0.png */ = {isa = PBXFileReference; lastKnownFileType = image.png; path = "terrain2 [www.imagesplitter.net]-10-0.png"; sourceTree = "<group>"; };
		08D3D74A2152F147001064A5 /* terrain2 [www.imagesplitter.net]-13-2.png */ = {isa = PBXFileReference; lastKnownFileType = image.png; path = "terrain2 [www.imagesplitter.net]-13-2.png"; sourceTree = "<group>"; };
		08D3D74B2152F147001064A5 /* terrain2 [www.imagesplitter.net]-3-3.png */ = {isa = PBXFileReference; lastKnownFileType = image.png; path = "terrain2 [www.imagesplitter.net]-3-3.png"; sourceTree = "<group>"; };
		08D3D74C2152F147001064A5 /* terrain2 [www.imagesplitter.net]-13-5.png */ = {isa = PBXFileReference; lastKnownFileType = image.png; path = "terrain2 [www.imagesplitter.net]-13-5.png"; sourceTree = "<group>"; };
		08D3D74D2152F147001064A5 /* terrain2 [www.imagesplitter.net]-14-0.png */ = {isa = PBXFileReference; lastKnownFileType = image.png; path = "terrain2 [www.imagesplitter.net]-14-0.png"; sourceTree = "<group>"; };
		08D3D74E2152F147001064A5 /* terrain2 [www.imagesplitter.net]-7-6.png */ = {isa = PBXFileReference; lastKnownFileType = image.png; path = "terrain2 [www.imagesplitter.net]-7-6.png"; sourceTree = "<group>"; };
		08D3D74F2152F147001064A5 /* terrain2 [www.imagesplitter.net]-13-0.png */ = {isa = PBXFileReference; lastKnownFileType = image.png; path = "terrain2 [www.imagesplitter.net]-13-0.png"; sourceTree = "<group>"; };
		08D3D7502152F148001064A5 /* terrain2 [www.imagesplitter.net]-5-10.png */ = {isa = PBXFileReference; lastKnownFileType = image.png; path = "terrain2 [www.imagesplitter.net]-5-10.png"; sourceTree = "<group>"; };
		08D3D7512152F148001064A5 /* terrain2 [www.imagesplitter.net]-5-9.png */ = {isa = PBXFileReference; lastKnownFileType = image.png; path = "terrain2 [www.imagesplitter.net]-5-9.png"; sourceTree = "<group>"; };
		08D3D7522152F148001064A5 /* terrain2 [www.imagesplitter.net]-8-1.png */ = {isa = PBXFileReference; lastKnownFileType = image.png; path = "terrain2 [www.imagesplitter.net]-8-1.png"; sourceTree = "<group>"; };
		08D3D7532152F148001064A5 /* terrain2 [www.imagesplitter.net]-16-7.png */ = {isa = PBXFileReference; lastKnownFileType = image.png; path = "terrain2 [www.imagesplitter.net]-16-7.png"; sourceTree = "<group>"; };
		08D3D7542152F148001064A5 /* terrain2 [www.imagesplitter.net]-2-8.png */ = {isa = PBXFileReference; lastKnownFileType = image.png; path = "terrain2 [www.imagesplitter.net]-2-8.png"; sourceTree = "<group>"; };
		08D3D7552152F148001064A5 /* terrain2 [www.imagesplitter.net]-17-1.png */ = {isa = PBXFileReference; lastKnownFileType = image.png; path = "terrain2 [www.imagesplitter.net]-17-1.png"; sourceTree = "<group>"; };
		08D3D7562152F148001064A5 /* terrain2 [www.imagesplitter.net]-15-11.png */ = {isa = PBXFileReference; lastKnownFileType = image.png; path = "terrain2 [www.imagesplitter.net]-15-11.png"; sourceTree = "<group>"; };
		08D3D7572152F148001064A5 /* terrain2 [www.imagesplitter.net]-8-9.png */ = {isa = PBXFileReference; lastKnownFileType = image.png; path = "terrain2 [www.imagesplitter.net]-8-9.png"; sourceTree = "<group>"; };
		08D3D7582152F148001064A5 /* terrain2 [www.imagesplitter.net]-2-9.png */ = {isa = PBXFileReference; lastKnownFileType = image.png; path = "terrain2 [www.imagesplitter.net]-2-9.png"; sourceTree = "<group>"; };
		08D3D7592152F148001064A5 /* terrain2 [www.imagesplitter.net]-8-6.png */ = {isa = PBXFileReference; lastKnownFileType = image.png; path = "terrain2 [www.imagesplitter.net]-8-6.png"; sourceTree = "<group>"; };
		08D3D75A2152F148001064A5 /* terrain2 [www.imagesplitter.net]-13-8.png */ = {isa = PBXFileReference; lastKnownFileType = image.png; path = "terrain2 [www.imagesplitter.net]-13-8.png"; sourceTree = "<group>"; };
		08D3D75B2152F148001064A5 /* terrain2 [www.imagesplitter.net]-5-2.png */ = {isa = PBXFileReference; lastKnownFileType = image.png; path = "terrain2 [www.imagesplitter.net]-5-2.png"; sourceTree = "<group>"; };
		08D3D75C2152F148001064A5 /* terrain2 [www.imagesplitter.net]-7-7.png */ = {isa = PBXFileReference; lastKnownFileType = image.png; path = "terrain2 [www.imagesplitter.net]-7-7.png"; sourceTree = "<group>"; };
		08D3D75D2152F148001064A5 /* terrain2 [www.imagesplitter.net]-8-8.png */ = {isa = PBXFileReference; lastKnownFileType = image.png; path = "terrain2 [www.imagesplitter.net]-8-8.png"; sourceTree = "<group>"; };
		08D3D75E2152F148001064A5 /* terrain2 [www.imagesplitter.net]-11-0.png */ = {isa = PBXFileReference; lastKnownFileType = image.png; path = "terrain2 [www.imagesplitter.net]-11-0.png"; sourceTree = "<group>"; };
		08D3D75F2152F148001064A5 /* terrain2 [www.imagesplitter.net]-11-5.png */ = {isa = PBXFileReference; lastKnownFileType = image.png; path = "terrain2 [www.imagesplitter.net]-11-5.png"; sourceTree = "<group>"; };
		08D3D7602152F148001064A5 /* terrain2 [www.imagesplitter.net]-1-1.png */ = {isa = PBXFileReference; lastKnownFileType = image.png; path = "terrain2 [www.imagesplitter.net]-1-1.png"; sourceTree = "<group>"; };
		08D3D7612152F148001064A5 /* terrain2 [www.imagesplitter.net]-6-8.png */ = {isa = PBXFileReference; lastKnownFileType = image.png; path = "terrain2 [www.imagesplitter.net]-6-8.png"; sourceTree = "<group>"; };
		08D3D7622152F148001064A5 /* terrain2 [www.imagesplitter.net]-7-8.png */ = {isa = PBXFileReference; lastKnownFileType = image.png; path = "terrain2 [www.imagesplitter.net]-7-8.png"; sourceTree = "<group>"; };
		08D3D7632152F148001064A5 /* terrain2 [www.imagesplitter.net]-10-9.png */ = {isa = PBXFileReference; lastKnownFileType = image.png; path = "terrain2 [www.imagesplitter.net]-10-9.png"; sourceTree = "<group>"; };
		08D3D7642152F148001064A5 /* terrain2 [www.imagesplitter.net]-10-4.png */ = {isa = PBXFileReference; lastKnownFileType = image.png; path = "terrain2 [www.imagesplitter.net]-10-4.png"; sourceTree = "<group>"; };
		08D3D7652152F148001064A5 /* terrain2 [www.imagesplitter.net]-16-5.png */ = {isa = PBXFileReference; lastKnownFileType = image.png; path = "terrain2 [www.imagesplitter.net]-16-5.png"; sourceTree = "<group>"; };
		08D3D7662152F148001064A5 /* terrain2 [www.imagesplitter.net]-5-6.png */ = {isa = PBXFileReference; lastKnownFileType = image.png; path = "terrain2 [www.imagesplitter.net]-5-6.png"; sourceTree = "<group>"; };
		08D3D7672152F148001064A5 /* terrain2 [www.imagesplitter.net]-1-5.png */ = {isa = PBXFileReference; lastKnownFileType = image.png; path = "terrain2 [www.imagesplitter.net]-1-5.png"; sourceTree = "<group>"; };
		08D3D7682152F148001064A5 /* terrain2 [www.imagesplitter.net]-8-10.png */ = {isa = PBXFileReference; lastKnownFileType = image.png; path = "terrain2 [www.imagesplitter.net]-8-10.png"; sourceTree = "<group>"; };
		08D3D7692152F148001064A5 /* terrain2 [www.imagesplitter.net]-14-6.png */ = {isa = PBXFileReference; lastKnownFileType = image.png; path = "terrain2 [www.imagesplitter.net]-14-6.png"; sourceTree = "<group>"; };
		08D3D76A2152F148001064A5 /* terrain2 [www.imagesplitter.net]-5-4.png */ = {isa = PBXFileReference; lastKnownFileType = image.png; path = "terrain2 [www.imagesplitter.net]-5-4.png"; sourceTree = "<group>"; };
		08D3D76B2152F148001064A5 /* terrain2 [www.imagesplitter.net]-8-2.png */ = {isa = PBXFileReference; lastKnownFileType = image.png; path = "terrain2 [www.imagesplitter.net]-8-2.png"; sourceTree = "<group>"; };
		08D3D76C2152F149001064A5 /* terrain2 [www.imagesplitter.net]-4-4.png */ = {isa = PBXFileReference; lastKnownFileType = image.png; path = "terrain2 [www.imagesplitter.net]-4-4.png"; sourceTree = "<group>"; };
		08D3D76D2152F149001064A5 /* terrain2 [www.imagesplitter.net]-6-10.png */ = {isa = PBXFileReference; lastKnownFileType = image.png; path = "terrain2 [www.imagesplitter.net]-6-10.png"; sourceTree = "<group>"; };
		08D3D76E2152F149001064A5 /* terrain2 [www.imagesplitter.net]-12-0.png */ = {isa = PBXFileReference; lastKnownFileType = image.png; path = "terrain2 [www.imagesplitter.net]-12-0.png"; sourceTree = "<group>"; };
		08D3D76F2152F149001064A5 /* terrain2 [www.imagesplitter.net]-4-9.png */ = {isa = PBXFileReference; lastKnownFileType = image.png; path = "terrain2 [www.imagesplitter.net]-4-9.png"; sourceTree = "<group>"; };
		08D3D7702152F149001064A5 /* terrain2 [www.imagesplitter.net]-6-3.png */ = {isa = PBXFileReference; lastKnownFileType = image.png; path = "terrain2 [www.imagesplitter.net]-6-3.png"; sourceTree = "<group>"; };
		08D3D7712152F149001064A5 /* terrain2 [www.imagesplitter.net]-1-2.png */ = {isa = PBXFileReference; lastKnownFileType = image.png; path = "terrain2 [www.imagesplitter.net]-1-2.png"; sourceTree = "<group>"; };
		08D3D7722152F149001064A5 /* terrain2 [www.imagesplitter.net]-16-9.png */ = {isa = PBXFileReference; lastKnownFileType = image.png; path = "terrain2 [www.imagesplitter.net]-16-9.png"; sourceTree = "<group>"; };
		08D3D7732152F149001064A5 /* terrain2 [www.imagesplitter.net]-17-11.png */ = {isa = PBXFileReference; lastKnownFileType = image.png; path = "terrain2 [www.imagesplitter.net]-17-11.png"; sourceTree = "<group>"; };
		08D3D7742152F149001064A5 /* terrain2 [www.imagesplitter.net]-6-2.png */ = {isa = PBXFileReference; lastKnownFileType = image.png; path = "terrain2 [www.imagesplitter.net]-6-2.png"; sourceTree = "<group>"; };
		08D3D7752152F149001064A5 /* terrain2 [www.imagesplitter.net]-11-4.png */ = {isa = PBXFileReference; lastKnownFileType = image.png; path = "terrain2 [www.imagesplitter.net]-11-4.png"; sourceTree = "<group>"; };
		08D3D7762152F149001064A5 /* terrain2 [www.imagesplitter.net]-9-2.png */ = {isa = PBXFileReference; lastKnownFileType = image.png; path = "terrain2 [www.imagesplitter.net]-9-2.png"; sourceTree = "<group>"; };
		08D3D7772152F149001064A5 /* terrain2 [www.imagesplitter.net]-12-10.png */ = {isa = PBXFileReference; lastKnownFileType = image.png; path = "terrain2 [www.imagesplitter.net]-12-10.png"; sourceTree = "<group>"; };
		08D3D7782152F149001064A5 /* terrain2 [www.imagesplitter.net]-14-8.png */ = {isa = PBXFileReference; lastKnownFileType = image.png; path = "terrain2 [www.imagesplitter.net]-14-8.png"; sourceTree = "<group>"; };
		08D3D7792152F149001064A5 /* terrain2 [www.imagesplitter.net]-10-3.png */ = {isa = PBXFileReference; lastKnownFileType = image.png; path = "terrain2 [www.imagesplitter.net]-10-3.png"; sourceTree = "<group>"; };
		08D3D77A2152F149001064A5 /* terrain2 [www.imagesplitter.net]-10-10.png */ = {isa = PBXFileReference; lastKnownFileType = image.png; path = "terrain2 [www.imagesplitter.net]-10-10.png"; sourceTree = "<group>"; };
		08D3D77B2152F149001064A5 /* terrain2 [www.imagesplitter.net]-0-9.png */ = {isa = PBXFileReference; lastKnownFileType = image.png; path = "terrain2 [www.imagesplitter.net]-0-9.png"; sourceTree = "<group>"; };
		08D3D77C2152F149001064A5 /* terrain2 [www.imagesplitter.net]-15-1.png */ = {isa = PBXFileReference; lastKnownFileType = image.png; path = "terrain2 [www.imagesplitter.net]-15-1.png"; sourceTree = "<group>"; };
		08D3D77D2152F149001064A5 /* terrain2 [www.imagesplitter.net]-16-10.png */ = {isa = PBXFileReference; lastKnownFileType = image.png; path = "terrain2 [www.imagesplitter.net]-16-10.png"; sourceTree = "<group>"; };
		08D3D77E2152F149001064A5 /* terrain2 [www.imagesplitter.net]-0-6.png */ = {isa = PBXFileReference; lastKnownFileType = image.png; path = "terrain2 [www.imagesplitter.net]-0-6.png"; sourceTree = "<group>"; };
		08D3D77F2152F149001064A5 /* terrain2 [www.imagesplitter.net]-15-8.png */ = {isa = PBXFileReference; lastKnownFileType = image.png; path = "terrain2 [www.imagesplitter.net]-15-8.png"; sourceTree = "<group>"; };
		08D3D7802152F14A001064A5 /* terrain2 [www.imagesplitter.net]-13-1.png */ = {isa = PBXFileReference; lastKnownFileType = image.png; path = "terrain2 [www.imagesplitter.net]-13-1.png"; sourceTree = "<group>"; };
		08D3D7812152F14A001064A5 /* terrain2 [www.imagesplitter.net]-3-7.png */ = {isa = PBXFileReference; lastKnownFileType = image.png; path = "terrain2 [www.imagesplitter.net]-3-7.png"; sourceTree = "<group>"; };
		08D3D7822152F14A001064A5 /* terrain2 [www.imagesplitter.net]-15-4.png */ = {isa = PBXFileReference; lastKnownFileType = image.png; path = "terrain2 [www.imagesplitter.net]-15-4.png"; sourceTree = "<group>"; };
		08D3D7832152F14A001064A5 /* terrain2 [www.imagesplitter.net]-3-0.png */ = {isa = PBXFileReference; lastKnownFileType = image.png; path = "terrain2 [www.imagesplitter.net]-3-0.png"; sourceTree = "<group>"; };
		08D3D7842152F14A001064A5 /* terrain2 [www.imagesplitter.net]-4-5.png */ = {isa = PBXFileReference; lastKnownFileType = image.png; path = "terrain2 [www.imagesplitter.net]-4-5.png"; sourceTree = "<group>"; };
		08D3D7852152F14A001064A5 /* terrain2 [www.imagesplitter.net]-5-11.png */ = {isa = PBXFileReference; lastKnownFileType = image.png; path = "terrain2 [www.imagesplitter.net]-5-11.png"; sourceTree = "<group>"; };
		08D3D7862152F14A001064A5 /* terrain2 [www.imagesplitter.net]-17-8.png */ = {isa = PBXFileReference; lastKnownFileType = image.png; path = "terrain2 [www.imagesplitter.net]-17-8.png"; sourceTree = "<group>"; };
		08D3D7872152F14A001064A5 /* terrain2 [www.imagesplitter.net]-12-9.png */ = {isa = PBXFileReference; lastKnownFileType = image.png; path = "terrain2 [www.imagesplitter.net]-12-9.png"; sourceTree = "<group>"; };
		08D3D7882152F14B001064A5 /* terrain2 [www.imagesplitter.net]-2-1.png */ = {isa = PBXFileReference; lastKnownFileType = image.png; path = "terrain2 [www.imagesplitter.net]-2-1.png"; sourceTree = "<group>"; };
		08D3D7892152F14B001064A5 /* terrain2 [www.imagesplitter.net]-10-6.png */ = {isa = PBXFileReference; lastKnownFileType = image.png; path = "terrain2 [www.imagesplitter.net]-10-6.png"; sourceTree = "<group>"; };
		08D3D78A2152F14C001064A5 /* terrain2 [www.imagesplitter.net]-12-11.png */ = {isa = PBXFileReference; lastKnownFileType = image.png; path = "terrain2 [www.imagesplitter.net]-12-11.png"; sourceTree = "<group>"; };
		08D3D78B2152F14C001064A5 /* terrain2 [www.imagesplitter.net]-12-5.png */ = {isa = PBXFileReference; lastKnownFileType = image.png; path = "terrain2 [www.imagesplitter.net]-12-5.png"; sourceTree = "<group>"; };
		08D3D78C2152F14C001064A5 /* terrain2 [www.imagesplitter.net]-12-7.png */ = {isa = PBXFileReference; lastKnownFileType = image.png; path = "terrain2 [www.imagesplitter.net]-12-7.png"; sourceTree = "<group>"; };
		08D3D78D2152F14C001064A5 /* terrain2 [www.imagesplitter.net]-5-5.png */ = {isa = PBXFileReference; lastKnownFileType = image.png; path = "terrain2 [www.imagesplitter.net]-5-5.png"; sourceTree = "<group>"; };
		08D3D78E2152F14C001064A5 /* terrain2 [www.imagesplitter.net]-17-5.png */ = {isa = PBXFileReference; lastKnownFileType = image.png; path = "terrain2 [www.imagesplitter.net]-17-5.png"; sourceTree = "<group>"; };
		08D3D78F2152F14C001064A5 /* terrain2 [www.imagesplitter.net]-16-3.png */ = {isa = PBXFileReference; lastKnownFileType = image.png; path = "terrain2 [www.imagesplitter.net]-16-3.png"; sourceTree = "<group>"; };
		08D3D7902152F14C001064A5 /* terrain2 [www.imagesplitter.net]-10-5.png */ = {isa = PBXFileReference; lastKnownFileType = image.png; path = "terrain2 [www.imagesplitter.net]-10-5.png"; sourceTree = "<group>"; };
		08D3D7912152F14C001064A5 /* terrain2 [www.imagesplitter.net]-7-9.png */ = {isa = PBXFileReference; lastKnownFileType = image.png; path = "terrain2 [www.imagesplitter.net]-7-9.png"; sourceTree = "<group>"; };
		08D3D7922152F14C001064A5 /* terrain2 [www.imagesplitter.net]-6-1.png */ = {isa = PBXFileReference; lastKnownFileType = image.png; path = "terrain2 [www.imagesplitter.net]-6-1.png"; sourceTree = "<group>"; };
		08D3D7932152F14C001064A5 /* terrain2 [www.imagesplitter.net]-0-10.png */ = {isa = PBXFileReference; lastKnownFileType = image.png; path = "terrain2 [www.imagesplitter.net]-0-10.png"; sourceTree = "<group>"; };
		08D3D7942152F14C001064A5 /* terrain2 [www.imagesplitter.net]-7-5.png */ = {isa = PBXFileReference; lastKnownFileType = image.png; path = "terrain2 [www.imagesplitter.net]-7-5.png"; sourceTree = "<group>"; };
		08D3D7952152F14C001064A5 /* terrain2 [www.imagesplitter.net]-4-0.png */ = {isa = PBXFileReference; lastKnownFileType = image.png; path = "terrain2 [www.imagesplitter.net]-4-0.png"; sourceTree = "<group>"; };
		08D3D7962152F14C001064A5 /* terrain2 [www.imagesplitter.net]-12-3.png */ = {isa = PBXFileReference; lastKnownFileType = image.png; path = "terrain2 [www.imagesplitter.net]-12-3.png"; sourceTree = "<group>"; };
		08D3D7972152F14C001064A5 /* terrain2 [www.imagesplitter.net]-3-5.png */ = {isa = PBXFileReference; lastKnownFileType = image.png; path = "terrain2 [www.imagesplitter.net]-3-5.png"; sourceTree = "<group>"; };
		08D3D7982152F14C001064A5 /* terrain2 [www.imagesplitter.net]-9-4.png */ = {isa = PBXFileReference; lastKnownFileType = image.png; path = "terrain2 [www.imagesplitter.net]-9-4.png"; sourceTree = "<group>"; };
		08D3D7992152F14C001064A5 /* terrain2 [www.imagesplitter.net]-4-2.png */ = {isa = PBXFileReference; lastKnownFileType = image.png; path = "terrain2 [www.imagesplitter.net]-4-2.png"; sourceTree = "<group>"; };
		08D3D79A2152F14C001064A5 /* terrain2 [www.imagesplitter.net]-11-7.png */ = {isa = PBXFileReference; lastKnownFileType = image.png; path = "terrain2 [www.imagesplitter.net]-11-7.png"; sourceTree = "<group>"; };
		08D3D79B2152F14C001064A5 /* terrain2 [www.imagesplitter.net]-15-5.png */ = {isa = PBXFileReference; lastKnownFileType = image.png; path = "terrain2 [www.imagesplitter.net]-15-5.png"; sourceTree = "<group>"; };
		08D3D79C2152F14D001064A5 /* terrain2 [www.imagesplitter.net]-1-8.png */ = {isa = PBXFileReference; lastKnownFileType = image.png; path = "terrain2 [www.imagesplitter.net]-1-8.png"; sourceTree = "<group>"; };
		08D3D79D2152F14D001064A5 /* terrain2 [www.imagesplitter.net]-1-10.png */ = {isa = PBXFileReference; lastKnownFileType = image.png; path = "terrain2 [www.imagesplitter.net]-1-10.png"; sourceTree = "<group>"; };
		08D3D79E2152F14D001064A5 /* terrain2 [www.imagesplitter.net]-8-11.png */ = {isa = PBXFileReference; lastKnownFileType = image.png; path = "terrain2 [www.imagesplitter.net]-8-11.png"; sourceTree = "<group>"; };
		08D3D79F2152F14D001064A5 /* terrain2 [www.imagesplitter.net]-4-10.png */ = {isa = PBXFileReference; lastKnownFileType = image.png; path = "terrain2 [www.imagesplitter.net]-4-10.png"; sourceTree = "<group>"; };
		08D3D7A02152F14D001064A5 /* terrain2 [www.imagesplitter.net]-14-10.png */ = {isa = PBXFileReference; lastKnownFileType = image.png; path = "terrain2 [www.imagesplitter.net]-14-10.png"; sourceTree = "<group>"; };
		08D3D7A12152F14D001064A5 /* terrain2 [www.imagesplitter.net]-14-11.png */ = {isa = PBXFileReference; lastKnownFileType = image.png; path = "terrain2 [www.imagesplitter.net]-14-11.png"; sourceTree = "<group>"; };
		08D3D7A22152F14D001064A5 /* terrain2 [www.imagesplitter.net]-17-10.png */ = {isa = PBXFileReference; lastKnownFileType = image.png; path = "terrain2 [www.imagesplitter.net]-17-10.png"; sourceTree = "<group>"; };
		08D3D7A32152F14D001064A5 /* terrain2 [www.imagesplitter.net]-13-7.png */ = {isa = PBXFileReference; lastKnownFileType = image.png; path = "terrain2 [www.imagesplitter.net]-13-7.png"; sourceTree = "<group>"; };
		08D3D7A42152F14D001064A5 /* terrain2 [www.imagesplitter.net]-1-0.png */ = {isa = PBXFileReference; lastKnownFileType = image.png; path = "terrain2 [www.imagesplitter.net]-1-0.png"; sourceTree = "<group>"; };
		08D3D7A52152F14D001064A5 /* terrain2 [www.imagesplitter.net]-16-1.png */ = {isa = PBXFileReference; lastKnownFileType = image.png; path = "terrain2 [www.imagesplitter.net]-16-1.png"; sourceTree = "<group>"; };
		08D3D7A62152F14D001064A5 /* terrain2 [www.imagesplitter.net]-2-7.png */ = {isa = PBXFileReference; lastKnownFileType = image.png; path = "terrain2 [www.imagesplitter.net]-2-7.png"; sourceTree = "<group>"; };
		08D3D7A72152F14D001064A5 /* terrain2 [www.imagesplitter.net]-16-0.png */ = {isa = PBXFileReference; lastKnownFileType = image.png; path = "terrain2 [www.imagesplitter.net]-16-0.png"; sourceTree = "<group>"; };
		08D3D7A82152F14D001064A5 /* terrain2 [www.imagesplitter.net]-4-3.png */ = {isa = PBXFileReference; lastKnownFileType = image.png; path = "terrain2 [www.imagesplitter.net]-4-3.png"; sourceTree = "<group>"; };
		08D3D7A92152F14D001064A5 /* terrain2 [www.imagesplitter.net]-1-11.png */ = {isa = PBXFileReference; lastKnownFileType = image.png; path = "terrain2 [www.imagesplitter.net]-1-11.png"; sourceTree = "<group>"; };
		08D3D7AA2152F14D001064A5 /* terrain2 [www.imagesplitter.net]-2-10.png */ = {isa = PBXFileReference; lastKnownFileType = image.png; path = "terrain2 [www.imagesplitter.net]-2-10.png"; sourceTree = "<group>"; };
		08D3D7AB2152F14D001064A5 /* terrain2 [www.imagesplitter.net]-3-4.png */ = {isa = PBXFileReference; lastKnownFileType = image.png; path = "terrain2 [www.imagesplitter.net]-3-4.png"; sourceTree = "<group>"; };
		08D3D7AC2152F14D001064A5 /* terrain2 [www.imagesplitter.net]-4-11.png */ = {isa = PBXFileReference; lastKnownFileType = image.png; path = "terrain2 [www.imagesplitter.net]-4-11.png"; sourceTree = "<group>"; };
		08D3D7AD2152F14D001064A5 /* terrain2 [www.imagesplitter.net]-6-5.png */ = {isa = PBXFileReference; lastKnownFileType = image.png; path = "terrain2 [www.imagesplitter.net]-6-5.png"; sourceTree = "<group>"; };
		08D3D7AE2152F14D001064A5 /* terrain2 [www.imagesplitter.net]-11-2.png */ = {isa = PBXFileReference; lastKnownFileType = image.png; path = "terrain2 [www.imagesplitter.net]-11-2.png"; sourceTree = "<group>"; };
		08D3D7AF2152F14D001064A5 /* terrain2 [www.imagesplitter.net]-13-4.png */ = {isa = PBXFileReference; lastKnownFileType = image.png; path = "terrain2 [www.imagesplitter.net]-13-4.png"; sourceTree = "<group>"; };
		08D3D7B02152F14E001064A5 /* terrain2 [www.imagesplitter.net]-0-5.png */ = {isa = PBXFileReference; lastKnownFileType = image.png; path = "terrain2 [www.imagesplitter.net]-0-5.png"; sourceTree = "<group>"; };
		08D3D7B12152F14E001064A5 /* terrain2 [www.imagesplitter.net]-1-9.png */ = {isa = PBXFileReference; lastKnownFileType = image.png; path = "terrain2 [www.imagesplitter.net]-1-9.png"; sourceTree = "<group>"; };
		08D3D7B22152F14E001064A5 /* terrain2 [www.imagesplitter.net]-3-2.png */ = {isa = PBXFileReference; lastKnownFileType = image.png; path = "terrain2 [www.imagesplitter.net]-3-2.png"; sourceTree = "<group>"; };
		08D3D7B32152F14E001064A5 /* terrain2 [www.imagesplitter.net]-2-2.png */ = {isa = PBXFileReference; lastKnownFileType = image.png; path = "terrain2 [www.imagesplitter.net]-2-2.png"; sourceTree = "<group>"; };
		08D3D7B42152F14E001064A5 /* terrain2 [www.imagesplitter.net]-16-2.png */ = {isa = PBXFileReference; lastKnownFileType = image.png; path = "terrain2 [www.imagesplitter.net]-16-2.png"; sourceTree = "<group>"; };
		08D3D7B52152F14E001064A5 /* terrain2 [www.imagesplitter.net]-17-0.png */ = {isa = PBXFileReference; lastKnownFileType = image.png; path = "terrain2 [www.imagesplitter.net]-17-0.png"; sourceTree = "<group>"; };
		08D3D7B62152F14E001064A5 /* terrain2 [www.imagesplitter.net]-16-4.png */ = {isa = PBXFileReference; lastKnownFileType = image.png; path = "terrain2 [www.imagesplitter.net]-16-4.png"; sourceTree = "<group>"; };
		08D3D7B72152F14E001064A5 /* terrain2 [www.imagesplitter.net]-5-3.png */ = {isa = PBXFileReference; lastKnownFileType = image.png; path = "terrain2 [www.imagesplitter.net]-5-3.png"; sourceTree = "<group>"; };
		08D3D7B82152F14E001064A5 /* terrain2 [www.imagesplitter.net]-9-6.png */ = {isa = PBXFileReference; lastKnownFileType = image.png; path = "terrain2 [www.imagesplitter.net]-9-6.png"; sourceTree = "<group>"; };
		08D3D7B92152F14E001064A5 /* terrain2 [www.imagesplitter.net]-0-4.png */ = {isa = PBXFileReference; lastKnownFileType = image.png; path = "terrain2 [www.imagesplitter.net]-0-4.png"; sourceTree = "<group>"; };
		08D3D7BA2152F14E001064A5 /* terrain2 [www.imagesplitter.net]-12-4.png */ = {isa = PBXFileReference; lastKnownFileType = image.png; path = "terrain2 [www.imagesplitter.net]-12-4.png"; sourceTree = "<group>"; };
		08D3D7BB2152F14E001064A5 /* terrain2 [www.imagesplitter.net]-6-11.png */ = {isa = PBXFileReference; lastKnownFileType = image.png; path = "terrain2 [www.imagesplitter.net]-6-11.png"; sourceTree = "<group>"; };
		08D3D7BC2152F14E001064A5 /* terrain2 [www.imagesplitter.net]-8-7.png */ = {isa = PBXFileReference; lastKnownFileType = image.png; path = "terrain2 [www.imagesplitter.net]-8-7.png"; sourceTree = "<group>"; };
		08D3D7BD2152F14E001064A5 /* terrain2 [www.imagesplitter.net]-0-11.png */ = {isa = PBXFileReference; lastKnownFileType = image.png; path = "terrain2 [www.imagesplitter.net]-0-11.png"; sourceTree = "<group>"; };
		08D3D7BE2152F14E001064A5 /* terrain2 [www.imagesplitter.net]-5-8.png */ = {isa = PBXFileReference; lastKnownFileType = image.png; path = "terrain2 [www.imagesplitter.net]-5-8.png"; sourceTree = "<group>"; };
		08D3D7BF2152F14E001064A5 /* terrain2 [www.imagesplitter.net]-7-1.png */ = {isa = PBXFileReference; lastKnownFileType = image.png; path = "terrain2 [www.imagesplitter.net]-7-1.png"; sourceTree = "<group>"; };
		08D3D7C02152F14E001064A5 /* terrain2 [www.imagesplitter.net]-9-3.png */ = {isa = PBXFileReference; lastKnownFileType = image.png; path = "terrain2 [www.imagesplitter.net]-9-3.png"; sourceTree = "<group>"; };
		08D3D7C12152F14F001064A5 /* terrain2 [www.imagesplitter.net]-7-3.png */ = {isa = PBXFileReference; lastKnownFileType = image.png; path = "terrain2 [www.imagesplitter.net]-7-3.png"; sourceTree = "<group>"; };
		08D3D7C22152F14F001064A5 /* terrain2 [www.imagesplitter.net]-5-1.png */ = {isa = PBXFileReference; lastKnownFileType = image.png; path = "terrain2 [www.imagesplitter.net]-5-1.png"; sourceTree = "<group>"; };
		08D3D7C32152F14F001064A5 /* terrain2 [www.imagesplitter.net]-17-3.png */ = {isa = PBXFileReference; lastKnownFileType = image.png; path = "terrain2 [www.imagesplitter.net]-17-3.png"; sourceTree = "<group>"; };
		08D3D7C42152F14F001064A5 /* terrain2 [www.imagesplitter.net]-15-6.png */ = {isa = PBXFileReference; lastKnownFileType = image.png; path = "terrain2 [www.imagesplitter.net]-15-6.png"; sourceTree = "<group>"; };
		08D3D7C52152F14F001064A5 /* terrain2 [www.imagesplitter.net]-6-9.png */ = {isa = PBXFileReference; lastKnownFileType = image.png; path = "terrain2 [www.imagesplitter.net]-6-9.png"; sourceTree = "<group>"; };
		08D3D7C62152F14F001064A5 /* terrain2 [www.imagesplitter.net]-0-2.png */ = {isa = PBXFileReference; lastKnownFileType = image.png; path = "terrain2 [www.imagesplitter.net]-0-2.png"; sourceTree = "<group>"; };
		08D3D7C72152F14F001064A5 /* terrain2 [www.imagesplitter.net]-7-11.png */ = {isa = PBXFileReference; lastKnownFileType = image.png; path = "terrain2 [www.imagesplitter.net]-7-11.png"; sourceTree = "<group>"; };
		08D3D7C82152F14F001064A5 /* terrain2 [www.imagesplitter.net]-13-10.png */ = {isa = PBXFileReference; lastKnownFileType = image.png; path = "terrain2 [www.imagesplitter.net]-13-10.png"; sourceTree = "<group>"; };
		08D3D7C92152F14F001064A5 /* terrain2 [www.imagesplitter.net]-9-7.png */ = {isa = PBXFileReference; lastKnownFileType = image.png; path = "terrain2 [www.imagesplitter.net]-9-7.png"; sourceTree = "<group>"; };
		08D3D7CA2152F14F001064A5 /* terrain2 [www.imagesplitter.net]-6-0.png */ = {isa = PBXFileReference; lastKnownFileType = image.png; path = "terrain2 [www.imagesplitter.net]-6-0.png"; sourceTree = "<group>"; };
		08D3D7CB2152F14F001064A5 /* terrain2 [www.imagesplitter.net]-11-11.png */ = {isa = PBXFileReference; lastKnownFileType = image.png; path = "terrain2 [www.imagesplitter.net]-11-11.png"; sourceTree = "<group>"; };
		08D3D7CC2152F14F001064A5 /* terrain2 [www.imagesplitter.net]-15-3.png */ = {isa = PBXFileReference; lastKnownFileType = image.png; path = "terrain2 [www.imagesplitter.net]-15-3.png"; sourceTree = "<group>"; };
		08D3D7CD2152F14F001064A5 /* terrain2 [www.imagesplitter.net]-2-6.png */ = {isa = PBXFileReference; lastKnownFileType = image.png; path = "terrain2 [www.imagesplitter.net]-2-6.png"; sourceTree = "<group>"; };
		08D3D7CE2152F14F001064A5 /* terrain2 [www.imagesplitter.net]-9-0.png */ = {isa = PBXFileReference; lastKnownFileType = image.png; path = "terrain2 [www.imagesplitter.net]-9-0.png"; sourceTree = "<group>"; };
		08D3D7CF2152F14F001064A5 /* terrain2 [www.imagesplitter.net]-12-1.png */ = {isa = PBXFileReference; lastKnownFileType = image.png; path = "terrain2 [www.imagesplitter.net]-12-1.png"; sourceTree = "<group>"; };
		08D3D7D02152F14F001064A5 /* terrain2 [www.imagesplitter.net]-17-7.png */ = {isa = PBXFileReference; lastKnownFileType = image.png; path = "terrain2 [www.imagesplitter.net]-17-7.png"; sourceTree = "<group>"; };
		08D3D7D12152F14F001064A5 /* terrain2 [www.imagesplitter.net]-10-1.png */ = {isa = PBXFileReference; lastKnownFileType = image.png; path = "terrain2 [www.imagesplitter.net]-10-1.png"; sourceTree = "<group>"; };
		08D3D7D22152F14F001064A5 /* terrain2 [www.imagesplitter.net]-3-10.png */ = {isa = PBXFileReference; lastKnownFileType = image.png; path = "terrain2 [www.imagesplitter.net]-3-10.png"; sourceTree = "<group>"; };
		08D3D7D32152F150001064A5 /* terrain2 [www.imagesplitter.net]-0-8.png */ = {isa = PBXFileReference; lastKnownFileType = image.png; path = "terrain2 [www.imagesplitter.net]-0-8.png"; sourceTree = "<group>"; };
		08D3D7D42152F150001064A5 /* terrain2 [www.imagesplitter.net]-10-8.png */ = {isa = PBXFileReference; lastKnownFileType = image.png; path = "terrain2 [www.imagesplitter.net]-10-8.png"; sourceTree = "<group>"; };
		08D3D7D52152F150001064A5 /* terrain2 [www.imagesplitter.net]-17-9.png */ = {isa = PBXFileReference; lastKnownFileType = image.png; path = "terrain2 [www.imagesplitter.net]-17-9.png"; sourceTree = "<group>"; };
		08D3D7D62152F150001064A5 /* terrain2 [www.imagesplitter.net]-13-9.png */ = {isa = PBXFileReference; lastKnownFileType = image.png; path = "terrain2 [www.imagesplitter.net]-13-9.png"; sourceTree = "<group>"; };
		08D3D7D72152F150001064A5 /* terrain2 [www.imagesplitter.net]-11-1.png */ = {isa = PBXFileReference; lastKnownFileType = image.png; path = "terrain2 [www.imagesplitter.net]-11-1.png"; sourceTree = "<group>"; };
		08D3D7D82152F150001064A5 /* terrain2 [www.imagesplitter.net]-11-8.png */ = {isa = PBXFileReference; lastKnownFileType = image.png; path = "terrain2 [www.imagesplitter.net]-11-8.png"; sourceTree = "<group>"; };
		08D3D7D92152F150001064A5 /* terrain2 [www.imagesplitter.net]-8-4.png */ = {isa = PBXFileReference; lastKnownFileType = image.png; path = "terrain2 [www.imagesplitter.net]-8-4.png"; sourceTree = "<group>"; };
		08D3D7DA2152F150001064A5 /* terrain2 [www.imagesplitter.net]-14-7.png */ = {isa = PBXFileReference; lastKnownFileType = image.png; path = "terrain2 [www.imagesplitter.net]-14-7.png"; sourceTree = "<group>"; };
		08D3D7DB2152F150001064A5 /* terrain2 [www.imagesplitter.net]-12-2.png */ = {isa = PBXFileReference; lastKnownFileType = image.png; path = "terrain2 [www.imagesplitter.net]-12-2.png"; sourceTree = "<group>"; };
		08D3D7DC2152F150001064A5 /* terrain2 [www.imagesplitter.net]-16-8.png */ = {isa = PBXFileReference; lastKnownFileType = image.png; path = "terrain2 [www.imagesplitter.net]-16-8.png"; sourceTree = "<group>"; };
		08D3D7DD2152F150001064A5 /* terrain2 [www.imagesplitter.net]-6-7.png */ = {isa = PBXFileReference; lastKnownFileType = image.png; path = "terrain2 [www.imagesplitter.net]-6-7.png"; sourceTree = "<group>"; };
		08D3D7DE2152F150001064A5 /* terrain2 [www.imagesplitter.net]-11-9.png */ = {isa = PBXFileReference; lastKnownFileType = image.png; path = "terrain2 [www.imagesplitter.net]-11-9.png"; sourceTree = "<group>"; };
		08D3D7DF2152F150001064A5 /* terrain2 [www.imagesplitter.net]-3-6.png */ = {isa = PBXFileReference; lastKnownFileType = image.png; path = "terrain2 [www.imagesplitter.net]-3-6.png"; sourceTree = "<group>"; };
		08D3D7E02152F150001064A5 /* terrain2 [www.imagesplitter.net]-7-2.png */ = {isa = PBXFileReference; lastKnownFileType = image.png; path = "terrain2 [www.imagesplitter.net]-7-2.png"; sourceTree = "<group>"; };
		08D3D7E12152F150001064A5 /* terrain2 [www.imagesplitter.net]-3-1.png */ = {isa = PBXFileReference; lastKnownFileType = image.png; path = "terrain2 [www.imagesplitter.net]-3-1.png"; sourceTree = "<group>"; };
		08D3D7E22152F150001064A5 /* terrain2 [www.imagesplitter.net]-0-1.png */ = {isa = PBXFileReference; lastKnownFileType = image.png; path = "terrain2 [www.imagesplitter.net]-0-1.png"; sourceTree = "<group>"; };
		08D3D7E32152F150001064A5 /* terrain2 [www.imagesplitter.net]-2-11.png */ = {isa = PBXFileReference; lastKnownFileType = image.png; path = "terrain2 [www.imagesplitter.net]-2-11.png"; sourceTree = "<group>"; };
		08D3D7E42152F151001064A5 /* terrain2 [www.imagesplitter.net]-3-8.png */ = {isa = PBXFileReference; lastKnownFileType = image.png; path = "terrain2 [www.imagesplitter.net]-3-8.png"; sourceTree = "<group>"; };
		08D3D7E52152F151001064A5 /* terrain2 [www.imagesplitter.net]-10-11.png */ = {isa = PBXFileReference; lastKnownFileType = image.png; path = "terrain2 [www.imagesplitter.net]-10-11.png"; sourceTree = "<group>"; };
		08D3D7E62152F151001064A5 /* terrain2 [www.imagesplitter.net]-2-0.png */ = {isa = PBXFileReference; lastKnownFileType = image.png; path = "terrain2 [www.imagesplitter.net]-2-0.png"; sourceTree = "<group>"; };
		08D3D7E72152F151001064A5 /* terrain2 [www.imagesplitter.net]-13-6.png */ = {isa = PBXFileReference; lastKnownFileType = image.png; path = "terrain2 [www.imagesplitter.net]-13-6.png"; sourceTree = "<group>"; };
		08D3D7E82152F151001064A5 /* terrain2 [www.imagesplitter.net]-11-6.png */ = {isa = PBXFileReference; lastKnownFileType = image.png; path = "terrain2 [www.imagesplitter.net]-11-6.png"; sourceTree = "<group>"; };
		08D3D7E92152F151001064A5 /* terrain2 [www.imagesplitter.net]-14-2.png */ = {isa = PBXFileReference; lastKnownFileType = image.png; path = "terrain2 [www.imagesplitter.net]-14-2.png"; sourceTree = "<group>"; };
		08D3D7EA2152F151001064A5 /* terrain2 [www.imagesplitter.net]-7-4.png */ = {isa = PBXFileReference; lastKnownFileType = image.png; path = "terrain2 [www.imagesplitter.net]-7-4.png"; sourceTree = "<group>"; };
		08D3D7EB2152F151001064A5 /* terrain2 [www.imagesplitter.net]-17-4.png */ = {isa = PBXFileReference; lastKnownFileType = image.png; path = "terrain2 [www.imagesplitter.net]-17-4.png"; sourceTree = "<group>"; };
		08D3D7EC2152F151001064A5 /* terrain2 [www.imagesplitter.net]-2-3.png */ = {isa = PBXFileReference; lastKnownFileType = image.png; path = "terrain2 [www.imagesplitter.net]-2-3.png"; sourceTree = "<group>"; };
		08D3D7ED2152F151001064A5 /* terrain2 [www.imagesplitter.net]-12-6.png */ = {isa = PBXFileReference; lastKnownFileType = image.png; path = "terrain2 [www.imagesplitter.net]-12-6.png"; sourceTree = "<group>"; };
		08D3D7EE2152F151001064A5 /* terrain2 [www.imagesplitter.net]-16-11.png */ = {isa = PBXFileReference; lastKnownFileType = image.png; path = "terrain2 [www.imagesplitter.net]-16-11.png"; sourceTree = "<group>"; };
		08D3D7EF2152F151001064A5 /* terrain2 [www.imagesplitter.net]-14-3.png */ = {isa = PBXFileReference; lastKnownFileType = image.png; path = "terrain2 [www.imagesplitter.net]-14-3.png"; sourceTree = "<group>"; };
		08D3D7F02152F151001064A5 /* terrain2 [www.imagesplitter.net]-9-5.png */ = {isa = PBXFileReference; lastKnownFileType = image.png; path = "terrain2 [www.imagesplitter.net]-9-5.png"; sourceTree = "<group>"; };
		08D3D7F12152F151001064A5 /* terrain2 [www.imagesplitter.net]-16-6.png */ = {isa = PBXFileReference; lastKnownFileType = image.png; path = "terrain2 [www.imagesplitter.net]-16-6.png"; sourceTree = "<group>"; };
		08D3D7F22152F151001064A5 /* terrain2 [www.imagesplitter.net]-0-7.png */ = {isa = PBXFileReference; lastKnownFileType = image.png; path = "terrain2 [www.imagesplitter.net]-0-7.png"; sourceTree = "<group>"; };
		08D3D7F32152F151001064A5 /* terrain2 [www.imagesplitter.net]-5-0.png */ = {isa = PBXFileReference; lastKnownFileType = image.png; path = "terrain2 [www.imagesplitter.net]-5-0.png"; sourceTree = "<group>"; };
		08D3D7F42152F151001064A5 /* terrain2 [www.imagesplitter.net]-6-6.png */ = {isa = PBXFileReference; lastKnownFileType = image.png; path = "terrain2 [www.imagesplitter.net]-6-6.png"; sourceTree = "<group>"; };
		08D3D7F52152F152001064A5 /* terrain2 [www.imagesplitter.net]-8-3.png */ = {isa = PBXFileReference; lastKnownFileType = image.png; path = "terrain2 [www.imagesplitter.net]-8-3.png"; sourceTree = "<group>"; };
		08D3D7F62152F152001064A5 /* terrain2 [www.imagesplitter.net]-10-7.png */ = {isa = PBXFileReference; lastKnownFileType = image.png; path = "terrain2 [www.imagesplitter.net]-10-7.png"; sourceTree = "<group>"; };
		08D3D7F72152F152001064A5 /* terrain2 [www.imagesplitter.net]-1-6.png */ = {isa = PBXFileReference; lastKnownFileType = image.png; path = "terrain2 [www.imagesplitter.net]-1-6.png"; sourceTree = "<group>"; };
		08D3D7F82152F152001064A5 /* terrain2 [www.imagesplitter.net]-15-0.png */ = {isa = PBXFileReference; lastKnownFileType = image.png; path = "terrain2 [www.imagesplitter.net]-15-0.png"; sourceTree = "<group>"; };
		08D3D7F92152F152001064A5 /* terrain2 [www.imagesplitter.net]-5-7.png */ = {isa = PBXFileReference; lastKnownFileType = image.png; path = "terrain2 [www.imagesplitter.net]-5-7.png"; sourceTree = "<group>"; };
/* End PBXFileReference section */

/* Begin PBXFrameworksBuildPhase section */
		08558D4F21506E1B00320B1A /* Frameworks */ = {
			isa = PBXFrameworksBuildPhase;
			buildActionMask = 2147483647;
			files = (
				08D3D64821526C28001064A5 /* libsfgui.dylib in Frameworks */,
			);
			runOnlyForDeploymentPostprocessing = 0;
		};
/* End PBXFrameworksBuildPhase section */

/* Begin PBXGroup section */
		08558D4921506E1B00320B1A = {
			isa = PBXGroup;
			children = (
				08558D5521506E1B00320B1A /* WorldBuilder */,
				08558D5421506E1B00320B1A /* Products */,
				08C707032152691E003493AA /* Frameworks */,
			);
			sourceTree = "<group>";
		};
		08558D5421506E1B00320B1A /* Products */ = {
			isa = PBXGroup;
			children = (
				08558D5321506E1B00320B1A /* WorldBuilder.app */,
			);
			name = Products;
			sourceTree = "<group>";
		};
		08558D5521506E1B00320B1A /* WorldBuilder */ = {
			isa = PBXGroup;
			children = (
				08558D5821506E1B00320B1A /* ResourcePath.mm */,
				08558D5A21506E1B00320B1A /* ResourcePath.hpp */,
				08558D5B21506E1B00320B1A /* main.cpp */,
				08558D6D2150711500320B1A /* AssetManager.cpp */,
				08558D70215118F200320B1A /* UserInterface.cpp */,
				08558D71215118F200320B1A /* UserInterface.hpp */,
				08558D6E2150711500320B1A /* AssetManager.hpp */,
				08558D5D21506E1B00320B1A /* Resources */,
				08558D5621506E1B00320B1A /* Supporting Files */,
			);
			path = WorldBuilder;
			sourceTree = "<group>";
		};
		08558D5621506E1B00320B1A /* Supporting Files */ = {
			isa = PBXGroup;
			children = (
				08558D5721506E1B00320B1A /* WorldBuilder-Info.plist */,
			);
			name = "Supporting Files";
			sourceTree = "<group>";
		};
		08558D5D21506E1B00320B1A /* Resources */ = {
			isa = PBXGroup;
			children = (
				08558D6021506E1B00320B1A /* nice_music.ogg */,
				08558D6221506E1B00320B1A /* sansation.ttf */,
				08C706FE21525FB5003493AA /* Textures */,
				08558D6421506E1B00320B1A /* icon.png */,
			);
			name = Resources;
			path = /Users/bOsowski/Documents/XCode/WorldBuilder/WorldBuilder/Resources;
			sourceTree = "<absolute>";
		};
		08C706FE21525FB5003493AA /* Textures */ = {
			isa = PBXGroup;
			children = (
				08D3D7402152F147001064A5 /* terrain2 [www.imagesplitter.net]-0-0.png */,
				08D3D7E22152F150001064A5 /* terrain2 [www.imagesplitter.net]-0-1.png */,
				08D3D7C62152F14F001064A5 /* terrain2 [www.imagesplitter.net]-0-2.png */,
				08D3D7262152F144001064A5 /* terrain2 [www.imagesplitter.net]-0-3.png */,
				08D3D7B92152F14E001064A5 /* terrain2 [www.imagesplitter.net]-0-4.png */,
				08D3D7B02152F14E001064A5 /* terrain2 [www.imagesplitter.net]-0-5.png */,
				08D3D77E2152F149001064A5 /* terrain2 [www.imagesplitter.net]-0-6.png */,
				08D3D7F22152F151001064A5 /* terrain2 [www.imagesplitter.net]-0-7.png */,
				08D3D7D32152F150001064A5 /* terrain2 [www.imagesplitter.net]-0-8.png */,
				08D3D77B2152F149001064A5 /* terrain2 [www.imagesplitter.net]-0-9.png */,
				08D3D7932152F14C001064A5 /* terrain2 [www.imagesplitter.net]-0-10.png */,
				08D3D7BD2152F14E001064A5 /* terrain2 [www.imagesplitter.net]-0-11.png */,
				08D3D7A42152F14D001064A5 /* terrain2 [www.imagesplitter.net]-1-0.png */,
				08D3D7602152F148001064A5 /* terrain2 [www.imagesplitter.net]-1-1.png */,
				08D3D7712152F149001064A5 /* terrain2 [www.imagesplitter.net]-1-2.png */,
				08D3D72D2152F145001064A5 /* terrain2 [www.imagesplitter.net]-1-3.png */,
				08D3D7452152F147001064A5 /* terrain2 [www.imagesplitter.net]-1-4.png */,
				08D3D7672152F148001064A5 /* terrain2 [www.imagesplitter.net]-1-5.png */,
				08D3D7F72152F152001064A5 /* terrain2 [www.imagesplitter.net]-1-6.png */,
				08D3D72A2152F145001064A5 /* terrain2 [www.imagesplitter.net]-1-7.png */,
				08D3D79C2152F14D001064A5 /* terrain2 [www.imagesplitter.net]-1-8.png */,
				08D3D7B12152F14E001064A5 /* terrain2 [www.imagesplitter.net]-1-9.png */,
				08D3D79D2152F14D001064A5 /* terrain2 [www.imagesplitter.net]-1-10.png */,
				08D3D7A92152F14D001064A5 /* terrain2 [www.imagesplitter.net]-1-11.png */,
				08D3D7E62152F151001064A5 /* terrain2 [www.imagesplitter.net]-2-0.png */,
				08D3D7882152F14B001064A5 /* terrain2 [www.imagesplitter.net]-2-1.png */,
				08D3D7B32152F14E001064A5 /* terrain2 [www.imagesplitter.net]-2-2.png */,
				08D3D7EC2152F151001064A5 /* terrain2 [www.imagesplitter.net]-2-3.png */,
				08D3D7412152F147001064A5 /* terrain2 [www.imagesplitter.net]-2-4.png */,
				08D3D7292152F145001064A5 /* terrain2 [www.imagesplitter.net]-2-5.png */,
				08D3D7CD2152F14F001064A5 /* terrain2 [www.imagesplitter.net]-2-6.png */,
				08D3D7A62152F14D001064A5 /* terrain2 [www.imagesplitter.net]-2-7.png */,
				08D3D7542152F148001064A5 /* terrain2 [www.imagesplitter.net]-2-8.png */,
				08D3D7582152F148001064A5 /* terrain2 [www.imagesplitter.net]-2-9.png */,
				08D3D7AA2152F14D001064A5 /* terrain2 [www.imagesplitter.net]-2-10.png */,
				08D3D7E32152F150001064A5 /* terrain2 [www.imagesplitter.net]-2-11.png */,
				08D3D7832152F14A001064A5 /* terrain2 [www.imagesplitter.net]-3-0.png */,
				08D3D7E12152F150001064A5 /* terrain2 [www.imagesplitter.net]-3-1.png */,
				08D3D7B22152F14E001064A5 /* terrain2 [www.imagesplitter.net]-3-2.png */,
				08D3D74B2152F147001064A5 /* terrain2 [www.imagesplitter.net]-3-3.png */,
				08D3D7AB2152F14D001064A5 /* terrain2 [www.imagesplitter.net]-3-4.png */,
				08D3D7972152F14C001064A5 /* terrain2 [www.imagesplitter.net]-3-5.png */,
				08D3D7DF2152F150001064A5 /* terrain2 [www.imagesplitter.net]-3-6.png */,
				08D3D7812152F14A001064A5 /* terrain2 [www.imagesplitter.net]-3-7.png */,
				08D3D7E42152F151001064A5 /* terrain2 [www.imagesplitter.net]-3-8.png */,
				08D3D7472152F147001064A5 /* terrain2 [www.imagesplitter.net]-3-9.png */,
				08D3D7D22152F14F001064A5 /* terrain2 [www.imagesplitter.net]-3-10.png */,
				08D3D7242152F144001064A5 /* terrain2 [www.imagesplitter.net]-3-11.png */,
				08D3D7952152F14C001064A5 /* terrain2 [www.imagesplitter.net]-4-0.png */,
				08D3D73B2152F147001064A5 /* terrain2 [www.imagesplitter.net]-4-1.png */,
				08D3D7992152F14C001064A5 /* terrain2 [www.imagesplitter.net]-4-2.png */,
				08D3D7A82152F14D001064A5 /* terrain2 [www.imagesplitter.net]-4-3.png */,
				08D3D76C2152F149001064A5 /* terrain2 [www.imagesplitter.net]-4-4.png */,
				08D3D7842152F14A001064A5 /* terrain2 [www.imagesplitter.net]-4-5.png */,
				08D3D7232152F144001064A5 /* terrain2 [www.imagesplitter.net]-4-6.png */,
				08D3D7252152F144001064A5 /* terrain2 [www.imagesplitter.net]-4-7.png */,
				08D3D72E2152F145001064A5 /* terrain2 [www.imagesplitter.net]-4-8.png */,
				08D3D76F2152F149001064A5 /* terrain2 [www.imagesplitter.net]-4-9.png */,
				08D3D79F2152F14D001064A5 /* terrain2 [www.imagesplitter.net]-4-10.png */,
				08D3D7AC2152F14D001064A5 /* terrain2 [www.imagesplitter.net]-4-11.png */,
				08D3D7F32152F151001064A5 /* terrain2 [www.imagesplitter.net]-5-0.png */,
				08D3D7C22152F14F001064A5 /* terrain2 [www.imagesplitter.net]-5-1.png */,
				08D3D75B2152F148001064A5 /* terrain2 [www.imagesplitter.net]-5-2.png */,
				08D3D7B72152F14E001064A5 /* terrain2 [www.imagesplitter.net]-5-3.png */,
				08D3D76A2152F148001064A5 /* terrain2 [www.imagesplitter.net]-5-4.png */,
				08D3D78D2152F14C001064A5 /* terrain2 [www.imagesplitter.net]-5-5.png */,
				08D3D7662152F148001064A5 /* terrain2 [www.imagesplitter.net]-5-6.png */,
				08D3D7F92152F152001064A5 /* terrain2 [www.imagesplitter.net]-5-7.png */,
				08D3D7BE2152F14E001064A5 /* terrain2 [www.imagesplitter.net]-5-8.png */,
				08D3D7512152F148001064A5 /* terrain2 [www.imagesplitter.net]-5-9.png */,
				08D3D7502152F148001064A5 /* terrain2 [www.imagesplitter.net]-5-10.png */,
				08D3D7852152F14A001064A5 /* terrain2 [www.imagesplitter.net]-5-11.png */,
				08D3D7CA2152F14F001064A5 /* terrain2 [www.imagesplitter.net]-6-0.png */,
				08D3D7922152F14C001064A5 /* terrain2 [www.imagesplitter.net]-6-1.png */,
				08D3D7742152F149001064A5 /* terrain2 [www.imagesplitter.net]-6-2.png */,
				08D3D7702152F149001064A5 /* terrain2 [www.imagesplitter.net]-6-3.png */,
				08D3D7462152F147001064A5 /* terrain2 [www.imagesplitter.net]-6-4.png */,
				08D3D7AD2152F14D001064A5 /* terrain2 [www.imagesplitter.net]-6-5.png */,
				08D3D7F42152F151001064A5 /* terrain2 [www.imagesplitter.net]-6-6.png */,
				08D3D7DD2152F150001064A5 /* terrain2 [www.imagesplitter.net]-6-7.png */,
				08D3D7612152F148001064A5 /* terrain2 [www.imagesplitter.net]-6-8.png */,
				08D3D7C52152F14F001064A5 /* terrain2 [www.imagesplitter.net]-6-9.png */,
				08D3D76D2152F149001064A5 /* terrain2 [www.imagesplitter.net]-6-10.png */,
				08D3D7BB2152F14E001064A5 /* terrain2 [www.imagesplitter.net]-6-11.png */,
				08D3D7372152F147001064A5 /* terrain2 [www.imagesplitter.net]-7-0.png */,
				08D3D7BF2152F14E001064A5 /* terrain2 [www.imagesplitter.net]-7-1.png */,
				08D3D7E02152F150001064A5 /* terrain2 [www.imagesplitter.net]-7-2.png */,
				08D3D7C12152F14F001064A5 /* terrain2 [www.imagesplitter.net]-7-3.png */,
				08D3D7EA2152F151001064A5 /* terrain2 [www.imagesplitter.net]-7-4.png */,
				08D3D7942152F14C001064A5 /* terrain2 [www.imagesplitter.net]-7-5.png */,
				08D3D74E2152F147001064A5 /* terrain2 [www.imagesplitter.net]-7-6.png */,
				08D3D75C2152F148001064A5 /* terrain2 [www.imagesplitter.net]-7-7.png */,
				08D3D7622152F148001064A5 /* terrain2 [www.imagesplitter.net]-7-8.png */,
				08D3D7912152F14C001064A5 /* terrain2 [www.imagesplitter.net]-7-9.png */,
				08D3D7282152F144001064A5 /* terrain2 [www.imagesplitter.net]-7-10.png */,
				08D3D7C72152F14F001064A5 /* terrain2 [www.imagesplitter.net]-7-11.png */,
				08D3D73C2152F147001064A5 /* terrain2 [www.imagesplitter.net]-8-0.png */,
				08D3D7522152F148001064A5 /* terrain2 [www.imagesplitter.net]-8-1.png */,
				08D3D76B2152F148001064A5 /* terrain2 [www.imagesplitter.net]-8-2.png */,
				08D3D7F52152F152001064A5 /* terrain2 [www.imagesplitter.net]-8-3.png */,
				08D3D7D92152F150001064A5 /* terrain2 [www.imagesplitter.net]-8-4.png */,
				08D3D7482152F147001064A5 /* terrain2 [www.imagesplitter.net]-8-5.png */,
				08D3D7592152F148001064A5 /* terrain2 [www.imagesplitter.net]-8-6.png */,
				08D3D7BC2152F14E001064A5 /* terrain2 [www.imagesplitter.net]-8-7.png */,
				08D3D75D2152F148001064A5 /* terrain2 [www.imagesplitter.net]-8-8.png */,
				08D3D7572152F148001064A5 /* terrain2 [www.imagesplitter.net]-8-9.png */,
				08D3D7682152F148001064A5 /* terrain2 [www.imagesplitter.net]-8-10.png */,
				08D3D79E2152F14D001064A5 /* terrain2 [www.imagesplitter.net]-8-11.png */,
				08D3D7CE2152F14F001064A5 /* terrain2 [www.imagesplitter.net]-9-0.png */,
				08D3D7332152F146001064A5 /* terrain2 [www.imagesplitter.net]-9-1.png */,
				08D3D7762152F149001064A5 /* terrain2 [www.imagesplitter.net]-9-2.png */,
				08D3D7C02152F14E001064A5 /* terrain2 [www.imagesplitter.net]-9-3.png */,
				08D3D7982152F14C001064A5 /* terrain2 [www.imagesplitter.net]-9-4.png */,
				08D3D7F02152F151001064A5 /* terrain2 [www.imagesplitter.net]-9-5.png */,
				08D3D7B82152F14E001064A5 /* terrain2 [www.imagesplitter.net]-9-6.png */,
				08D3D7C92152F14F001064A5 /* terrain2 [www.imagesplitter.net]-9-7.png */,
				08D3D7352152F147001064A5 /* terrain2 [www.imagesplitter.net]-9-8.png */,
				08D3D7272152F144001064A5 /* terrain2 [www.imagesplitter.net]-9-9.png */,
				08D3D7312152F146001064A5 /* terrain2 [www.imagesplitter.net]-9-10.png */,
				08D3D73E2152F147001064A5 /* terrain2 [www.imagesplitter.net]-9-11.png */,
				08D3D7492152F147001064A5 /* terrain2 [www.imagesplitter.net]-10-0.png */,
				08D3D7D12152F14F001064A5 /* terrain2 [www.imagesplitter.net]-10-1.png */,
				08D3D7222152F144001064A5 /* terrain2 [www.imagesplitter.net]-10-2.png */,
				08D3D7792152F149001064A5 /* terrain2 [www.imagesplitter.net]-10-3.png */,
				08D3D7642152F148001064A5 /* terrain2 [www.imagesplitter.net]-10-4.png */,
				08D3D7902152F14C001064A5 /* terrain2 [www.imagesplitter.net]-10-5.png */,
				08D3D7892152F14B001064A5 /* terrain2 [www.imagesplitter.net]-10-6.png */,
				08D3D7F62152F152001064A5 /* terrain2 [www.imagesplitter.net]-10-7.png */,
				08D3D7D42152F150001064A5 /* terrain2 [www.imagesplitter.net]-10-8.png */,
				08D3D7632152F148001064A5 /* terrain2 [www.imagesplitter.net]-10-9.png */,
				08D3D77A2152F149001064A5 /* terrain2 [www.imagesplitter.net]-10-10.png */,
				08D3D7E52152F151001064A5 /* terrain2 [www.imagesplitter.net]-10-11.png */,
				08D3D75E2152F148001064A5 /* terrain2 [www.imagesplitter.net]-11-0.png */,
				08D3D7D72152F150001064A5 /* terrain2 [www.imagesplitter.net]-11-1.png */,
				08D3D7AE2152F14D001064A5 /* terrain2 [www.imagesplitter.net]-11-2.png */,
				08D3D73D2152F147001064A5 /* terrain2 [www.imagesplitter.net]-11-3.png */,
				08D3D7752152F149001064A5 /* terrain2 [www.imagesplitter.net]-11-4.png */,
				08D3D75F2152F148001064A5 /* terrain2 [www.imagesplitter.net]-11-5.png */,
				08D3D7E82152F151001064A5 /* terrain2 [www.imagesplitter.net]-11-6.png */,
				08D3D79A2152F14C001064A5 /* terrain2 [www.imagesplitter.net]-11-7.png */,
				08D3D7D82152F150001064A5 /* terrain2 [www.imagesplitter.net]-11-8.png */,
				08D3D7DE2152F150001064A5 /* terrain2 [www.imagesplitter.net]-11-9.png */,
				08D3D7442152F147001064A5 /* terrain2 [www.imagesplitter.net]-11-10.png */,
				08D3D7CB2152F14F001064A5 /* terrain2 [www.imagesplitter.net]-11-11.png */,
				08D3D76E2152F149001064A5 /* terrain2 [www.imagesplitter.net]-12-0.png */,
				08D3D7CF2152F14F001064A5 /* terrain2 [www.imagesplitter.net]-12-1.png */,
				08D3D7DB2152F150001064A5 /* terrain2 [www.imagesplitter.net]-12-2.png */,
				08D3D7962152F14C001064A5 /* terrain2 [www.imagesplitter.net]-12-3.png */,
				08D3D7BA2152F14E001064A5 /* terrain2 [www.imagesplitter.net]-12-4.png */,
				08D3D78B2152F14C001064A5 /* terrain2 [www.imagesplitter.net]-12-5.png */,
				08D3D7ED2152F151001064A5 /* terrain2 [www.imagesplitter.net]-12-6.png */,
				08D3D78C2152F14C001064A5 /* terrain2 [www.imagesplitter.net]-12-7.png */,
				08D3D7422152F147001064A5 /* terrain2 [www.imagesplitter.net]-12-8.png */,
				08D3D7872152F14A001064A5 /* terrain2 [www.imagesplitter.net]-12-9.png */,
				08D3D7772152F149001064A5 /* terrain2 [www.imagesplitter.net]-12-10.png */,
				08D3D78A2152F14C001064A5 /* terrain2 [www.imagesplitter.net]-12-11.png */,
				08D3D74F2152F147001064A5 /* terrain2 [www.imagesplitter.net]-13-0.png */,
				08D3D7802152F14A001064A5 /* terrain2 [www.imagesplitter.net]-13-1.png */,
				08D3D74A2152F147001064A5 /* terrain2 [www.imagesplitter.net]-13-2.png */,
				08D3D7362152F147001064A5 /* terrain2 [www.imagesplitter.net]-13-3.png */,
				08D3D7AF2152F14D001064A5 /* terrain2 [www.imagesplitter.net]-13-4.png */,
				08D3D74C2152F147001064A5 /* terrain2 [www.imagesplitter.net]-13-5.png */,
				08D3D7E72152F151001064A5 /* terrain2 [www.imagesplitter.net]-13-6.png */,
				08D3D7A32152F14D001064A5 /* terrain2 [www.imagesplitter.net]-13-7.png */,
				08D3D75A2152F148001064A5 /* terrain2 [www.imagesplitter.net]-13-8.png */,
				08D3D7D62152F150001064A5 /* terrain2 [www.imagesplitter.net]-13-9.png */,
				08D3D7C82152F14F001064A5 /* terrain2 [www.imagesplitter.net]-13-10.png */,
				08D3D72C2152F145001064A5 /* terrain2 [www.imagesplitter.net]-13-11.png */,
				08D3D74D2152F147001064A5 /* terrain2 [www.imagesplitter.net]-14-0.png */,
				08D3D7432152F147001064A5 /* terrain2 [www.imagesplitter.net]-14-1.png */,
				08D3D7E92152F151001064A5 /* terrain2 [www.imagesplitter.net]-14-2.png */,
				08D3D7EF2152F151001064A5 /* terrain2 [www.imagesplitter.net]-14-3.png */,
				08D3D7302152F146001064A5 /* terrain2 [www.imagesplitter.net]-14-4.png */,
				08D3D7322152F146001064A5 /* terrain2 [www.imagesplitter.net]-14-5.png */,
				08D3D7692152F148001064A5 /* terrain2 [www.imagesplitter.net]-14-6.png */,
				08D3D7DA2152F150001064A5 /* terrain2 [www.imagesplitter.net]-14-7.png */,
				08D3D7782152F149001064A5 /* terrain2 [www.imagesplitter.net]-14-8.png */,
				08D3D72B2152F145001064A5 /* terrain2 [www.imagesplitter.net]-14-9.png */,
				08D3D7A02152F14D001064A5 /* terrain2 [www.imagesplitter.net]-14-10.png */,
				08D3D7A12152F14D001064A5 /* terrain2 [www.imagesplitter.net]-14-11.png */,
				08D3D7F82152F152001064A5 /* terrain2 [www.imagesplitter.net]-15-0.png */,
				08D3D77C2152F149001064A5 /* terrain2 [www.imagesplitter.net]-15-1.png */,
				08D3D72F2152F145001064A5 /* terrain2 [www.imagesplitter.net]-15-2.png */,
				08D3D7CC2152F14F001064A5 /* terrain2 [www.imagesplitter.net]-15-3.png */,
				08D3D7822152F14A001064A5 /* terrain2 [www.imagesplitter.net]-15-4.png */,
				08D3D79B2152F14C001064A5 /* terrain2 [www.imagesplitter.net]-15-5.png */,
				08D3D7C42152F14F001064A5 /* terrain2 [www.imagesplitter.net]-15-6.png */,
				08D3D73F2152F147001064A5 /* terrain2 [www.imagesplitter.net]-15-7.png */,
				08D3D77F2152F149001064A5 /* terrain2 [www.imagesplitter.net]-15-8.png */,
				08D3D7382152F147001064A5 /* terrain2 [www.imagesplitter.net]-15-9.png */,
				08D3D73A2152F147001064A5 /* terrain2 [www.imagesplitter.net]-15-10.png */,
				08D3D7562152F148001064A5 /* terrain2 [www.imagesplitter.net]-15-11.png */,
				08D3D7A72152F14D001064A5 /* terrain2 [www.imagesplitter.net]-16-0.png */,
				08D3D7A52152F14D001064A5 /* terrain2 [www.imagesplitter.net]-16-1.png */,
				08D3D7B42152F14E001064A5 /* terrain2 [www.imagesplitter.net]-16-2.png */,
				08D3D78F2152F14C001064A5 /* terrain2 [www.imagesplitter.net]-16-3.png */,
				08D3D7B62152F14E001064A5 /* terrain2 [www.imagesplitter.net]-16-4.png */,
				08D3D7652152F148001064A5 /* terrain2 [www.imagesplitter.net]-16-5.png */,
				08D3D7F12152F151001064A5 /* terrain2 [www.imagesplitter.net]-16-6.png */,
				08D3D7532152F148001064A5 /* terrain2 [www.imagesplitter.net]-16-7.png */,
				08D3D7DC2152F150001064A5 /* terrain2 [www.imagesplitter.net]-16-8.png */,
				08D3D7722152F149001064A5 /* terrain2 [www.imagesplitter.net]-16-9.png */,
				08D3D77D2152F149001064A5 /* terrain2 [www.imagesplitter.net]-16-10.png */,
				08D3D7EE2152F151001064A5 /* terrain2 [www.imagesplitter.net]-16-11.png */,
				08D3D7B52152F14E001064A5 /* terrain2 [www.imagesplitter.net]-17-0.png */,
				08D3D7552152F148001064A5 /* terrain2 [www.imagesplitter.net]-17-1.png */,
				08D3D7392152F147001064A5 /* terrain2 [www.imagesplitter.net]-17-2.png */,
				08D3D7C32152F14F001064A5 /* terrain2 [www.imagesplitter.net]-17-3.png */,
				08D3D7EB2152F151001064A5 /* terrain2 [www.imagesplitter.net]-17-4.png */,
				08D3D78E2152F14C001064A5 /* terrain2 [www.imagesplitter.net]-17-5.png */,
				08D3D7342152F147001064A5 /* terrain2 [www.imagesplitter.net]-17-6.png */,
				08D3D7D02152F14F001064A5 /* terrain2 [www.imagesplitter.net]-17-7.png */,
				08D3D7862152F14A001064A5 /* terrain2 [www.imagesplitter.net]-17-8.png */,
				08D3D7D52152F150001064A5 /* terrain2 [www.imagesplitter.net]-17-9.png */,
				08D3D7A22152F14D001064A5 /* terrain2 [www.imagesplitter.net]-17-10.png */,
				08D3D7732152F149001064A5 /* terrain2 [www.imagesplitter.net]-17-11.png */,
				08C7070221526094003493AA /* undefined.png */,
			);
			name = Textures;
			path = /Users/bOsowski/Documents/XCode/WorldBuilder/WorldBuilder/Resources/Textures;
			sourceTree = "<absolute>";
		};
		08C707032152691E003493AA /* Frameworks */ = {
			isa = PBXGroup;
			children = (
				08D3D64721526C28001064A5 /* libsfgui.dylib */,
				08C7070621526969003493AA /* SFGUI-0.3.2 */,
				08C707042152691F003493AA /* SFGUI */,
			);
			name = Frameworks;
			sourceTree = "<group>";
		};
/* End PBXGroup section */

/* Begin PBXNativeTarget section */
		08558D5221506E1B00320B1A /* WorldBuilder */ = {
			isa = PBXNativeTarget;
			buildConfigurationList = 08558D6821506E1B00320B1A /* Build configuration list for PBXNativeTarget "WorldBuilder" */;
			buildPhases = (
				08558D4E21506E1B00320B1A /* Sources */,
				08558D4F21506E1B00320B1A /* Frameworks */,
				08558D5021506E1B00320B1A /* Resources */,
				08558D5121506E1B00320B1A /* ShellScript */,
			);
			buildRules = (
			);
			dependencies = (
			);
			name = WorldBuilder;
			productName = WorldBuilder;
			productReference = 08558D5321506E1B00320B1A /* WorldBuilder.app */;
			productType = "com.apple.product-type.application";
		};
/* End PBXNativeTarget section */

/* Begin PBXProject section */
		08558D4A21506E1B00320B1A /* Project object */ = {
			isa = PBXProject;
			attributes = {
				LastUpgradeCheck = 0900;
				ORGANIZATIONNAME = "Bartosz Osowski";
				TargetAttributes = {
					08558D5221506E1B00320B1A = {
						CreatedOnToolsVersion = 9.0;
						ProvisioningStyle = Automatic;
					};
				};
			};
			buildConfigurationList = 08558D4D21506E1B00320B1A /* Build configuration list for PBXProject "WorldBuilder" */;
			compatibilityVersion = "Xcode 8.0";
			developmentRegion = en;
			hasScannedForEncodings = 0;
			knownRegions = (
				en,
			);
			mainGroup = 08558D4921506E1B00320B1A;
			productRefGroup = 08558D5421506E1B00320B1A /* Products */;
			projectDirPath = "";
			projectRoot = "";
			targets = (
				08558D5221506E1B00320B1A /* WorldBuilder */,
			);
		};
/* End PBXProject section */

/* Begin PBXResourcesBuildPhase section */
		08558D5021506E1B00320B1A /* Resources */ = {
			isa = PBXResourcesBuildPhase;
			buildActionMask = 2147483647;
			files = (
				08558D6521506E1B00320B1A /* icon.png in Resources */,
				08558D6321506E1B00320B1A /* sansation.ttf in Resources */,
				08558D6121506E1B00320B1A /* nice_music.ogg in Resources */,
			);
			runOnlyForDeploymentPostprocessing = 0;
		};
/* End PBXResourcesBuildPhase section */

/* Begin PBXShellScriptBuildPhase section */
		08558D5121506E1B00320B1A /* ShellScript */ = {
			isa = PBXShellScriptBuildPhase;
			buildActionMask = 2147483647;
			files = (
			);
			inputPaths = (
			);
			outputPaths = (
			);
			runOnlyForDeploymentPostprocessing = 0;
			shellPath = /bin/sh;
			shellScript = "# This shell script simply copies required SFML dylibs/frameworks into the application bundle frameworks folder.\n# If you're using static libraries (which is not recommended) you should remove this script from your project.\n\n# SETTINGS\nCMAKE_INSTALL_FRAMEWORK_PREFIX=\"/Library/Frameworks\"\nCMAKE_INSTALL_LIB_PREFIX=\"/usr/local/lib\"\nFRAMEWORKS_FULL_PATH=\"$BUILT_PRODUCTS_DIR/$FRAMEWORKS_FOLDER_PATH/\"\n\n# Are we building a project that uses frameworks or dylibs?\ncase \"$SFML_BINARY_TYPE\" in\n    DYLIBS)\n        frameworks=\"false\"\n        ;;\n    *)\n        frameworks=\"true\"\n        ;;\nesac\n\n# Echoes to stderr\nerror () # $* message to display\n{\n    echo $* 1>&2\n    exit 2\n}\n\nassert () # $1 is a boolean, $2...N is an error message\n{\n    if [ $# -lt 2 ]\n    then\n        error \"Internal error in assert: not enough args\"\n    fi\n\n    if [ $1 -ne 0 ]\n    then\n        shift\n        error \"$*\"\n    fi\n}\n\nforce_remove () # $@ is some paths\n{\n    test $# -ge 1\n    assert $? \"force_remove() requires at least one parameter\"\n    rm -fr $@\n    assert $? \"couldn't remove $@\"\n}\n\ncopy () # $1 is a source, $2 is a destination\n{\n    test $# -eq 2\n    assert $? \"copy() requires two parameters\"\n    ditto \"$1\" \"$2\"\n    assert $? \"couldn't copy $1 to $2\"\n}\n\nrequire () # $1 is a SFML module like 'system' or 'audio'\n{\n    dest=\"$BUILT_PRODUCTS_DIR/$FRAMEWORKS_FOLDER_PATH/\"\n\n    if [ -z \"$1\" ]\n    then\n        error \"require() requires one parameter!\"\n    else\n        # clean potentially old stuff\n        force_remove \"$dest/libsfml-$1\"*\n        force_remove \"$dest/sfml-$1.framework\"\n\n        # copy SFML libraries\n        if [ \"$frameworks\" = \"true\" ]\n        then\n            source=\"$CMAKE_INSTALL_FRAMEWORK_PREFIX/sfml-$1.framework\"\n            target=\"sfml-$1.framework\"\n        elif [ \"$SFML_LINK_DYLIBS_SUFFIX\" = \"-d\" ]\n        then\n            source=\"$CMAKE_INSTALL_LIB_PREFIX/libsfml-$1-d.dylib\"\n            target=\"`readlink $source`\"\n        else\n            source=\"$CMAKE_INSTALL_LIB_PREFIX/libsfml-$1.dylib\"\n            target=\"`readlink $source`\"\n        fi\n\n        copy \"$source\" \"$dest/$target\"\n\n        # copy extra dependencies\n        if [ \"$1\" = \"audio\" ]\n        then\n            # copy \"FLAC\" \"ogg\" \"vorbis\" \"vorbisenc\" \"vorbisfile\" \"OpenAL\" frameworks too\n            for f in \"FLAC\" \"ogg\" \"vorbis\" \"vorbisenc\" \"vorbisfile\" \"OpenAL\"\n            do\n                copy \"$CMAKE_INSTALL_FRAMEWORK_PREFIX/$f.framework\" \"$dest/$f.framework\"\n            done\n        elif [ \"$1\" = \"graphics\" ]\n        then\n            copy \"$CMAKE_INSTALL_FRAMEWORK_PREFIX/freetype.framework\" \"$dest/freetype.framework\"\n        fi\n    fi\n}\n\nif [ -n \"$SFML_SYSTEM\" ]\nthen\n    require \"system\"\nfi\n\nif [ -n \"$SFML_AUDIO\" ]\nthen\n    require \"audio\"\nfi\n\nif [ -n \"$SFML_NETWORK\" ]\nthen\n    require \"network\"\nfi\n\nif [ -n \"$SFML_WINDOW\" ]\nthen\n    require \"window\"\nfi\n\nif [ -n \"$SFML_GRAPHICS\" ]\nthen\n    require \"graphics\"\nfi\n\n                ";
		};
/* End PBXShellScriptBuildPhase section */

/* Begin PBXSourcesBuildPhase section */
		08558D4E21506E1B00320B1A /* Sources */ = {
			isa = PBXSourcesBuildPhase;
			buildActionMask = 2147483647;
			files = (
				08558D6F2150711500320B1A /* AssetManager.cpp in Sources */,
				08558D5C21506E1B00320B1A /* main.cpp in Sources */,
				08558D72215118F200320B1A /* UserInterface.cpp in Sources */,
				08558D5921506E1B00320B1A /* ResourcePath.mm in Sources */,
			);
			runOnlyForDeploymentPostprocessing = 0;
		};
/* End PBXSourcesBuildPhase section */

/* Begin XCBuildConfiguration section */
		08558D6621506E1B00320B1A /* Debug */ = {
			isa = XCBuildConfiguration;
			buildSettings = {
				ARCHS = "$(NATIVE_ARCH_ACTUAL)";
				CLANG_CXX_LANGUAGE_STANDARD = "c++0x";
				CLANG_CXX_LIBRARY = "libc++";
				FRAMEWORK_SEARCH_PATHS = (
					/Library/Frameworks/,
					"$(inherited)",
				);
				GCC_VERSION = com.apple.compilers.llvm.clang.1_0;
				HEADER_SEARCH_PATHS = (
					/usr/local/include/,
					"$(inherited)",
				);
				LIBRARY_SEARCH_PATHS = (
					/usr/local/lib/,
					"$(inherited)",
				);
				MACOSX_DEPLOYMENT_TARGET = 10.7;
				OTHER_LDFLAGS = (
					"$(inherited)",
					"$(SFML_SYSTEM)",
					"$(SFML_WINDOW)",
					"$(SFML_GRAPHICS)",
					"$(SFML_AUDIO)",
					"$(SFML_NETWORK)",
				);
				SFML_AUDIO = "$(SFML_LINK_PREFIX) sfml-audio$(SFML_LINK_SUFFIX)";
				SFML_BINARY_TYPE = FRAMEWORKS;
				SFML_GRAPHICS = "$(SFML_LINK_PREFIX) sfml-graphics$(SFML_LINK_SUFFIX)";
				SFML_LINK_DYLIBS_PREFIX = "-l";
				SFML_LINK_DYLIBS_SUFFIX = "";
				SFML_LINK_FRAMEWORKS_PREFIX = "-framework";
				SFML_LINK_FRAMEWORKS_SUFFIX = "";
				SFML_LINK_PREFIX = "$(SFML_LINK_$(SFML_BINARY_TYPE)_PREFIX)";
				SFML_LINK_SUFFIX = "$(SFML_LINK_$(SFML_BINARY_TYPE)_SUFFIX)";
				SFML_NETWORK = "$(SFML_LINK_PREFIX) sfml-network$(SFML_LINK_SUFFIX)";
				SFML_SYSTEM = "$(SFML_LINK_PREFIX) sfml-system$(SFML_LINK_SUFFIX)";
				SFML_WINDOW = "$(SFML_LINK_PREFIX) sfml-window$(SFML_LINK_SUFFIX)";
				SUPPORTED_PLATFORMS = macosx;
			};
			name = Debug;
		};
		08558D6721506E1B00320B1A /* Release */ = {
			isa = XCBuildConfiguration;
			buildSettings = {
				ARCHS = "$(NATIVE_ARCH_ACTUAL)";
				CLANG_CXX_LANGUAGE_STANDARD = "c++0x";
				CLANG_CXX_LIBRARY = "libc++";
				FRAMEWORK_SEARCH_PATHS = (
					/Library/Frameworks/,
					"$(inherited)",
				);
				GCC_VERSION = com.apple.compilers.llvm.clang.1_0;
				HEADER_SEARCH_PATHS = (
					/usr/local/include/,
					"$(inherited)",
				);
				LIBRARY_SEARCH_PATHS = (
					/usr/local/lib/,
					"$(inherited)",
				);
				MACOSX_DEPLOYMENT_TARGET = 10.7;
				OTHER_LDFLAGS = (
					"$(inherited)",
					"$(SFML_SYSTEM)",
					"$(SFML_WINDOW)",
					"$(SFML_GRAPHICS)",
					"$(SFML_AUDIO)",
					"$(SFML_NETWORK)",
				);
				SFML_AUDIO = "$(SFML_LINK_PREFIX) sfml-audio$(SFML_LINK_SUFFIX)";
				SFML_BINARY_TYPE = FRAMEWORKS;
				SFML_GRAPHICS = "$(SFML_LINK_PREFIX) sfml-graphics$(SFML_LINK_SUFFIX)";
				SFML_LINK_DYLIBS_PREFIX = "-l";
				SFML_LINK_DYLIBS_SUFFIX = "";
				SFML_LINK_FRAMEWORKS_PREFIX = "-framework";
				SFML_LINK_FRAMEWORKS_SUFFIX = "";
				SFML_LINK_PREFIX = "$(SFML_LINK_$(SFML_BINARY_TYPE)_PREFIX)";
				SFML_LINK_SUFFIX = "$(SFML_LINK_$(SFML_BINARY_TYPE)_SUFFIX)";
				SFML_NETWORK = "$(SFML_LINK_PREFIX) sfml-network$(SFML_LINK_SUFFIX)";
				SFML_SYSTEM = "$(SFML_LINK_PREFIX) sfml-system$(SFML_LINK_SUFFIX)";
				SFML_WINDOW = "$(SFML_LINK_PREFIX) sfml-window$(SFML_LINK_SUFFIX)";
				SUPPORTED_PLATFORMS = macosx;
			};
			name = Release;
		};
		08558D6921506E1B00320B1A /* Debug */ = {
			isa = XCBuildConfiguration;
			buildSettings = {
				CODE_SIGN_IDENTITY = "";
				CODE_SIGN_STYLE = Automatic;
				DEVELOPMENT_TEAM = D8WFGXUPB9;
				INFOPLIST_FILE = "WorldBuilder/WorldBuilder-Info.plist";
				LD_RUNPATH_SEARCH_PATHS = "@loader_path/../Frameworks";
				PRODUCT_NAME = "$(TARGET_NAME)";
				PROVISIONING_PROFILE_SPECIFIER = "";
			};
			name = Debug;
		};
		08558D6A21506E1B00320B1A /* Release */ = {
			isa = XCBuildConfiguration;
			buildSettings = {
				CODE_SIGN_IDENTITY = "";
				CODE_SIGN_STYLE = Automatic;
				DEVELOPMENT_TEAM = D8WFGXUPB9;
				INFOPLIST_FILE = "WorldBuilder/WorldBuilder-Info.plist";
				LD_RUNPATH_SEARCH_PATHS = "@loader_path/../Frameworks";
				PRODUCT_NAME = "$(TARGET_NAME)";
				PROVISIONING_PROFILE_SPECIFIER = "";
			};
			name = Release;
		};
/* End XCBuildConfiguration section */

/* Begin XCConfigurationList section */
		08558D4D21506E1B00320B1A /* Build configuration list for PBXProject "WorldBuilder" */ = {
			isa = XCConfigurationList;
			buildConfigurations = (
				08558D6621506E1B00320B1A /* Debug */,
				08558D6721506E1B00320B1A /* Release */,
			);
			defaultConfigurationIsVisible = 0;
			defaultConfigurationName = Release;
		};
		08558D6821506E1B00320B1A /* Build configuration list for PBXNativeTarget "WorldBuilder" */ = {
			isa = XCConfigurationList;
			buildConfigurations = (
				08558D6921506E1B00320B1A /* Debug */,
				08558D6A21506E1B00320B1A /* Release */,
			);
			defaultConfigurationIsVisible = 0;
			defaultConfigurationName = Release;
		};
/* End XCConfigurationList section */
	};
	rootObject = 08558D4A21506E1B00320B1A /* Project object */;
}
